// !$*UTF8*$!
{
	archiveVersion = 1;
	classes = {
	};
	objectVersion = 46;
	objects = {

/* Begin PBXBuildFile section */
		83B6B4DC6FF34FCAB6409CA0 /* libPods.a in Frameworks */ = {isa = PBXBuildFile; fileRef = 844C339152E343C19DB1D129 /* libPods.a */; };
		8B7384F61881D10E00D1E0C2 /* camera-choose-icon-hover.png in Resources */ = {isa = PBXBuildFile; fileRef = 8B7384A71881D10D00D1E0C2 /* camera-choose-icon-hover.png */; };
		8B7384F71881D10E00D1E0C2 /* camera-choose-icon-hover@2x.png in Resources */ = {isa = PBXBuildFile; fileRef = 8B7384A81881D10D00D1E0C2 /* camera-choose-icon-hover@2x.png */; };
		8B7384F81881D10E00D1E0C2 /* camera-choose-icon.png in Resources */ = {isa = PBXBuildFile; fileRef = 8B7384A91881D10D00D1E0C2 /* camera-choose-icon.png */; };
		8B7384F91881D10E00D1E0C2 /* camera-choose-icon@2x.png in Resources */ = {isa = PBXBuildFile; fileRef = 8B7384AA1881D10D00D1E0C2 /* camera-choose-icon@2x.png */; };
		8B7384FA1881D10E00D1E0C2 /* camera-delete-icon-hover.png in Resources */ = {isa = PBXBuildFile; fileRef = 8B7384AB1881D10D00D1E0C2 /* camera-delete-icon-hover.png */; };
		8B7384FB1881D10E00D1E0C2 /* camera-delete-icon-hover@2x.png in Resources */ = {isa = PBXBuildFile; fileRef = 8B7384AC1881D10D00D1E0C2 /* camera-delete-icon-hover@2x.png */; };
		8B7384FC1881D10E00D1E0C2 /* camera-delete-icon.png in Resources */ = {isa = PBXBuildFile; fileRef = 8B7384AD1881D10D00D1E0C2 /* camera-delete-icon.png */; };
		8B7384FD1881D10E00D1E0C2 /* camera-delete-icon@2x.png in Resources */ = {isa = PBXBuildFile; fileRef = 8B7384AE1881D10D00D1E0C2 /* camera-delete-icon@2x.png */; };
		8B7384FE1881D10E00D1E0C2 /* camera-take-icon-hover.png in Resources */ = {isa = PBXBuildFile; fileRef = 8B7384AF1881D10D00D1E0C2 /* camera-take-icon-hover.png */; };
		8B7384FF1881D10E00D1E0C2 /* camera-take-icon-hover@2x.png in Resources */ = {isa = PBXBuildFile; fileRef = 8B7384B01881D10D00D1E0C2 /* camera-take-icon-hover@2x.png */; };
		8B7385001881D10E00D1E0C2 /* camera-take-icon.png in Resources */ = {isa = PBXBuildFile; fileRef = 8B7384B11881D10D00D1E0C2 /* camera-take-icon.png */; };
		8B7385011881D10E00D1E0C2 /* camera-take-icon@2x.png in Resources */ = {isa = PBXBuildFile; fileRef = 8B7384B21881D10D00D1E0C2 /* camera-take-icon@2x.png */; };
		8B7385021881D10E00D1E0C2 /* default-avatar.png in Resources */ = {isa = PBXBuildFile; fileRef = 8B7384B31881D10D00D1E0C2 /* default-avatar.png */; };
		8B7385031881D10E00D1E0C2 /* default-wallpaper.png in Resources */ = {isa = PBXBuildFile; fileRef = 8B7384B41881D10D00D1E0C2 /* default-wallpaper.png */; };
		8B7385041881D10E00D1E0C2 /* disclosure-icon.png in Resources */ = {isa = PBXBuildFile; fileRef = 8B7384B51881D10D00D1E0C2 /* disclosure-icon.png */; };
		8B7385051881D10E00D1E0C2 /* disclosure-icon@2x.png in Resources */ = {isa = PBXBuildFile; fileRef = 8B7384B61881D10D00D1E0C2 /* disclosure-icon@2x.png */; };
		8B7385061881D10E00D1E0C2 /* flag_by.png in Resources */ = {isa = PBXBuildFile; fileRef = 8B7384B71881D10D00D1E0C2 /* flag_by.png */; };
		8B7385071881D10E00D1E0C2 /* flag_ru.png in Resources */ = {isa = PBXBuildFile; fileRef = 8B7384B81881D10D00D1E0C2 /* flag_ru.png */; };
		8B7385081881D10E00D1E0C2 /* flag_ua.png in Resources */ = {isa = PBXBuildFile; fileRef = 8B7384B91881D10D00D1E0C2 /* flag_ua.png */; };
		8B7385091881D10E00D1E0C2 /* flag-ru.png in Resources */ = {isa = PBXBuildFile; fileRef = 8B7384BA1881D10D00D1E0C2 /* flag-ru.png */; };
		8B73850A1881D10E00D1E0C2 /* flag-ru@2x.png in Resources */ = {isa = PBXBuildFile; fileRef = 8B7384BB1881D10D00D1E0C2 /* flag-ru@2x.png */; };
		8B73850B1881D10E00D1E0C2 /* header-back-button-down.png in Resources */ = {isa = PBXBuildFile; fileRef = 8B7384BC1881D10D00D1E0C2 /* header-back-button-down.png */; };
		8B73850C1881D10E00D1E0C2 /* header-back-button-down@2x.png in Resources */ = {isa = PBXBuildFile; fileRef = 8B7384BD1881D10D00D1E0C2 /* header-back-button-down@2x.png */; };
		8B73850D1881D10E00D1E0C2 /* header-back-button.png in Resources */ = {isa = PBXBuildFile; fileRef = 8B7384BE1881D10D00D1E0C2 /* header-back-button.png */; };
		8B73850E1881D10E00D1E0C2 /* header-back-button@2x.png in Resources */ = {isa = PBXBuildFile; fileRef = 8B7384BF1881D10D00D1E0C2 /* header-back-button@2x.png */; };
		8B73850F1881D10E00D1E0C2 /* header-title.png in Resources */ = {isa = PBXBuildFile; fileRef = 8B7384C01881D10D00D1E0C2 /* header-title.png */; };
		8B7385101881D10E00D1E0C2 /* header-title@2x.png in Resources */ = {isa = PBXBuildFile; fileRef = 8B7384C11881D10D00D1E0C2 /* header-title@2x.png */; };
		8B7385111881D10E00D1E0C2 /* home-button-down.png in Resources */ = {isa = PBXBuildFile; fileRef = 8B7384C21881D10D00D1E0C2 /* home-button-down.png */; };
		8B7385121881D10E00D1E0C2 /* home-button-down@2x.png in Resources */ = {isa = PBXBuildFile; fileRef = 8B7384C31881D10D00D1E0C2 /* home-button-down@2x.png */; };
		8B7385131881D10E00D1E0C2 /* home-button-waves.png in Resources */ = {isa = PBXBuildFile; fileRef = 8B7384C41881D10D00D1E0C2 /* home-button-waves.png */; };
		8B7385141881D10E00D1E0C2 /* home-button-waves@2x.png in Resources */ = {isa = PBXBuildFile; fileRef = 8B7384C51881D10D00D1E0C2 /* home-button-waves@2x.png */; };
		8B7385151881D10E00D1E0C2 /* home-button.png in Resources */ = {isa = PBXBuildFile; fileRef = 8B7384C61881D10D00D1E0C2 /* home-button.png */; };
		8B7385161881D10E00D1E0C2 /* home-button@2x.png in Resources */ = {isa = PBXBuildFile; fileRef = 8B7384C71881D10D00D1E0C2 /* home-button@2x.png */; };
		8B7385171881D10E00D1E0C2 /* icon-done.png in Resources */ = {isa = PBXBuildFile; fileRef = 8B7384C81881D10D00D1E0C2 /* icon-done.png */; };
		8B7385181881D10E00D1E0C2 /* icon-done@2x.png in Resources */ = {isa = PBXBuildFile; fileRef = 8B7384C91881D10D00D1E0C2 /* icon-done@2x.png */; };
		8B7385191881D10E00D1E0C2 /* icon-feed-info.png in Resources */ = {isa = PBXBuildFile; fileRef = 8B7384CA1881D10D00D1E0C2 /* icon-feed-info.png */; };
		8B73851A1881D10E00D1E0C2 /* icon-feed-info@2x.png in Resources */ = {isa = PBXBuildFile; fileRef = 8B7384CB1881D10D00D1E0C2 /* icon-feed-info@2x.png */; };
		8B73851B1881D10E00D1E0C2 /* icon-feed-place.png in Resources */ = {isa = PBXBuildFile; fileRef = 8B7384CC1881D10D00D1E0C2 /* icon-feed-place.png */; };
		8B73851C1881D10E00D1E0C2 /* icon-feed-place@2x.png in Resources */ = {isa = PBXBuildFile; fileRef = 8B7384CD1881D10D00D1E0C2 /* icon-feed-place@2x.png */; };
		8B73851D1881D10E00D1E0C2 /* icon-home-settings.png in Resources */ = {isa = PBXBuildFile; fileRef = 8B7384CE1881D10D00D1E0C2 /* icon-home-settings.png */; };
		8B73851E1881D10E00D1E0C2 /* icon-home-settings@2x.png in Resources */ = {isa = PBXBuildFile; fileRef = 8B7384CF1881D10D00D1E0C2 /* icon-home-settings@2x.png */; };
		8B73851F1881D10E00D1E0C2 /* icon-menu.png in Resources */ = {isa = PBXBuildFile; fileRef = 8B7384D01881D10D00D1E0C2 /* icon-menu.png */; };
		8B7385201881D10E00D1E0C2 /* icon-menu@2x.png in Resources */ = {isa = PBXBuildFile; fileRef = 8B7384D11881D10D00D1E0C2 /* icon-menu@2x.png */; };
		8B7385211881D10E00D1E0C2 /* icon-toolbar-eye.png in Resources */ = {isa = PBXBuildFile; fileRef = 8B7384D21881D10D00D1E0C2 /* icon-toolbar-eye.png */; };
		8B7385221881D10E00D1E0C2 /* icon-toolbar-eye@2x.png in Resources */ = {isa = PBXBuildFile; fileRef = 8B7384D31881D10D00D1E0C2 /* icon-toolbar-eye@2x.png */; };
		8B7385231881D10E00D1E0C2 /* icon-toolbar-people.png in Resources */ = {isa = PBXBuildFile; fileRef = 8B7384D41881D10D00D1E0C2 /* icon-toolbar-people.png */; };
		8B7385241881D10E00D1E0C2 /* icon-toolbar-people@2x.png in Resources */ = {isa = PBXBuildFile; fileRef = 8B7384D51881D10D00D1E0C2 /* icon-toolbar-people@2x.png */; };
		8B7385251881D10E00D1E0C2 /* icon-toolbar-search.png in Resources */ = {isa = PBXBuildFile; fileRef = 8B7384D61881D10D00D1E0C2 /* icon-toolbar-search.png */; };
		8B7385261881D10E00D1E0C2 /* icon-toolbar-search@2x.png in Resources */ = {isa = PBXBuildFile; fileRef = 8B7384D71881D10D00D1E0C2 /* icon-toolbar-search@2x.png */; };
		8B7385271881D10E00D1E0C2 /* info-line.png in Resources */ = {isa = PBXBuildFile; fileRef = 8B7384D81881D10D00D1E0C2 /* info-line.png */; };
		8B7385281881D10E00D1E0C2 /* info-line@2x.png in Resources */ = {isa = PBXBuildFile; fileRef = 8B7384D91881D10D00D1E0C2 /* info-line@2x.png */; };
		8B73852A1881D10E00D1E0C2 /* login-area.png in Resources */ = {isa = PBXBuildFile; fileRef = 8B7384DC1881D10D00D1E0C2 /* login-area.png */; };
		8B73852B1881D10E00D1E0C2 /* login-area@2x.png in Resources */ = {isa = PBXBuildFile; fileRef = 8B7384DD1881D10D00D1E0C2 /* login-area@2x.png */; };
		8B73852C1881D10E00D1E0C2 /* login-bottom.jpg in Resources */ = {isa = PBXBuildFile; fileRef = 8B7384DE1881D10D00D1E0C2 /* login-bottom.jpg */; };
		8B73852D1881D10E00D1E0C2 /* login-bottom@2x.jpg in Resources */ = {isa = PBXBuildFile; fileRef = 8B7384DF1881D10D00D1E0C2 /* login-bottom@2x.jpg */; };
		8B73852E1881D10E00D1E0C2 /* login-button-down.png in Resources */ = {isa = PBXBuildFile; fileRef = 8B7384E01881D10D00D1E0C2 /* login-button-down.png */; };
		8B73852F1881D10E00D1E0C2 /* login-button-down@2x.png in Resources */ = {isa = PBXBuildFile; fileRef = 8B7384E11881D10D00D1E0C2 /* login-button-down@2x.png */; };
		8B7385301881D10E00D1E0C2 /* login-button.png in Resources */ = {isa = PBXBuildFile; fileRef = 8B7384E21881D10D00D1E0C2 /* login-button.png */; };
		8B7385311881D10E00D1E0C2 /* login-button@2x.png in Resources */ = {isa = PBXBuildFile; fileRef = 8B7384E31881D10D00D1E0C2 /* login-button@2x.png */; };
		8B7385321881D10E00D1E0C2 /* logo.png in Resources */ = {isa = PBXBuildFile; fileRef = 8B7384E41881D10D00D1E0C2 /* logo.png */; };
		8B7385331881D10E00D1E0C2 /* logo@2x.png in Resources */ = {isa = PBXBuildFile; fileRef = 8B7384E51881D10D00D1E0C2 /* logo@2x.png */; };
		8B7385341881D10E00D1E0C2 /* reg-circle.png in Resources */ = {isa = PBXBuildFile; fileRef = 8B7384E61881D10E00D1E0C2 /* reg-circle.png */; };
		8B7385351881D10E00D1E0C2 /* reg-circle@2x.png in Resources */ = {isa = PBXBuildFile; fileRef = 8B7384E71881D10E00D1E0C2 /* reg-circle@2x.png */; };
		8B7385361881D10E00D1E0C2 /* register-window.png in Resources */ = {isa = PBXBuildFile; fileRef = 8B7384E81881D10E00D1E0C2 /* register-window.png */; };
		8B7385371881D10E00D1E0C2 /* register-window@2x.png in Resources */ = {isa = PBXBuildFile; fileRef = 8B7384E91881D10E00D1E0C2 /* register-window@2x.png */; };
		8B7385381881D10E00D1E0C2 /* stars-example.png in Resources */ = {isa = PBXBuildFile; fileRef = 8B7384EA1881D10E00D1E0C2 /* stars-example.png */; };
		8B7385391881D10E00D1E0C2 /* stars-example@2x.png in Resources */ = {isa = PBXBuildFile; fileRef = 8B7384EB1881D10E00D1E0C2 /* stars-example@2x.png */; };
		8B73853A1881D10E00D1E0C2 /* table-bottom.png in Resources */ = {isa = PBXBuildFile; fileRef = 8B7384EC1881D10E00D1E0C2 /* table-bottom.png */; };
		8B73853B1881D10E00D1E0C2 /* table-bottom@2x.png in Resources */ = {isa = PBXBuildFile; fileRef = 8B7384ED1881D10E00D1E0C2 /* table-bottom@2x.png */; };
		8B73853C1881D10E00D1E0C2 /* text-field.png in Resources */ = {isa = PBXBuildFile; fileRef = 8B7384EE1881D10E00D1E0C2 /* text-field.png */; };
		8B73853D1881D10E00D1E0C2 /* text-field@2x.png in Resources */ = {isa = PBXBuildFile; fileRef = 8B7384EF1881D10E00D1E0C2 /* text-field@2x.png */; };
		8B73853E1881D10E00D1E0C2 /* title-image.png in Resources */ = {isa = PBXBuildFile; fileRef = 8B7384F01881D10E00D1E0C2 /* title-image.png */; };
		8B73853F1881D10E00D1E0C2 /* title-image@2x.png in Resources */ = {isa = PBXBuildFile; fileRef = 8B7384F11881D10E00D1E0C2 /* title-image@2x.png */; };
		8B7385401881D10E00D1E0C2 /* toolbar-home.png in Resources */ = {isa = PBXBuildFile; fileRef = 8B7384F21881D10E00D1E0C2 /* toolbar-home.png */; };
		8B7385411881D10E00D1E0C2 /* toolbar-home@2x.png in Resources */ = {isa = PBXBuildFile; fileRef = 8B7384F31881D10E00D1E0C2 /* toolbar-home@2x.png */; };
		8B7385421881D10E00D1E0C2 /* top-title.png in Resources */ = {isa = PBXBuildFile; fileRef = 8B7384F41881D10E00D1E0C2 /* top-title.png */; };
		8B7385431881D10E00D1E0C2 /* top-title@2x.png in Resources */ = {isa = PBXBuildFile; fileRef = 8B7384F51881D10E00D1E0C2 /* top-title@2x.png */; };
		8B73854C1881F07F00D1E0C2 /* TIMViewController.m in Sources */ = {isa = PBXBuildFile; fileRef = 8B73854B1881F07F00D1E0C2 /* TIMViewController.m */; };
		8B73854F1881F0BC00D1E0C2 /* TIMNavigationViewController.m in Sources */ = {isa = PBXBuildFile; fileRef = 8B73854E1881F0BC00D1E0C2 /* TIMNavigationViewController.m */; };
		8B7385521881F15400D1E0C2 /* TIMRegistrationNavController.m in Sources */ = {isa = PBXBuildFile; fileRef = 8B7385511881F15400D1E0C2 /* TIMRegistrationNavController.m */; };
		8B7385551881F1DD00D1E0C2 /* TIMRegistrationViewController.m in Sources */ = {isa = PBXBuildFile; fileRef = 8B7385541881F1DD00D1E0C2 /* TIMRegistrationViewController.m */; };
		8B7385581881F22000D1E0C2 /* TIMHomeNavigationViewController.m in Sources */ = {isa = PBXBuildFile; fileRef = 8B7385571881F22000D1E0C2 /* TIMHomeNavigationViewController.m */; };
		8B7385601881F29B00D1E0C2 /* TIMHomeProfileViewController.m in Sources */ = {isa = PBXBuildFile; fileRef = 8B73855E1881F29B00D1E0C2 /* TIMHomeProfileViewController.m */; };
		8B7385611881F29B00D1E0C2 /* TIMHomeProfileViewController.xib in Resources */ = {isa = PBXBuildFile; fileRef = 8B73855F1881F29B00D1E0C2 /* TIMHomeProfileViewController.xib */; };
		8B7385661881F2E600D1E0C2 /* TIMLoginViewController.m in Sources */ = {isa = PBXBuildFile; fileRef = 8B7385641881F2E500D1E0C2 /* TIMLoginViewController.m */; };
		8B7385671881F2E600D1E0C2 /* TIMLoginViewController.xib in Resources */ = {isa = PBXBuildFile; fileRef = 8B7385651881F2E600D1E0C2 /* TIMLoginViewController.xib */; };
		8B73856E1881F37E00D1E0C2 /* TIMStepOneRegViewController.m in Sources */ = {isa = PBXBuildFile; fileRef = 8B73856C1881F37E00D1E0C2 /* TIMStepOneRegViewController.m */; };
		8B73856F1881F37E00D1E0C2 /* TIMStepOneRegViewController.xib in Resources */ = {isa = PBXBuildFile; fileRef = 8B73856D1881F37E00D1E0C2 /* TIMStepOneRegViewController.xib */; };
		8B7385731881F39500D1E0C2 /* TIMStepTwoRegViewController.m in Sources */ = {isa = PBXBuildFile; fileRef = 8B7385711881F39500D1E0C2 /* TIMStepTwoRegViewController.m */; };
		8B7385741881F39500D1E0C2 /* TIMStepTwoRegViewController.xib in Resources */ = {isa = PBXBuildFile; fileRef = 8B7385721881F39500D1E0C2 /* TIMStepTwoRegViewController.xib */; };
		8B7385781881F3AF00D1E0C2 /* TIMStepThreeRegViewController.m in Sources */ = {isa = PBXBuildFile; fileRef = 8B7385761881F3AF00D1E0C2 /* TIMStepThreeRegViewController.m */; };
		8B7385791881F3AF00D1E0C2 /* TIMStepThreeRegViewController.xib in Resources */ = {isa = PBXBuildFile; fileRef = 8B7385771881F3AF00D1E0C2 /* TIMStepThreeRegViewController.xib */; };
		8B73857E1882003A00D1E0C2 /* TIMLoginButton.m in Sources */ = {isa = PBXBuildFile; fileRef = 8B73857D1882003A00D1E0C2 /* TIMLoginButton.m */; };
		8B738581188203E100D1E0C2 /* TIMLoginButtonSmall.m in Sources */ = {isa = PBXBuildFile; fileRef = 8B738580188203E100D1E0C2 /* TIMLoginButtonSmall.m */; };
		8B73858518820D7900D1E0C2 /* TPKeyboardAvoidingScrollView.m in Sources */ = {isa = PBXBuildFile; fileRef = 8B73858418820D7900D1E0C2 /* TPKeyboardAvoidingScrollView.m */; };
		8B9283B918832F34009F93C0 /* btn_ok.png in Resources */ = {isa = PBXBuildFile; fileRef = 8B9283B718832F34009F93C0 /* btn_ok.png */; };
		8B9283BA18832F34009F93C0 /* btn_ok@2x.png in Resources */ = {isa = PBXBuildFile; fileRef = 8B9283B818832F34009F93C0 /* btn_ok@2x.png */; };
		8B9283C318833876009F93C0 /* btn_add_place@2x.png in Resources */ = {isa = PBXBuildFile; fileRef = 8B9283BB18833876009F93C0 /* btn_add_place@2x.png */; };
		8B9283C418833876009F93C0 /* btn_add_place.png in Resources */ = {isa = PBXBuildFile; fileRef = 8B9283BC18833876009F93C0 /* btn_add_place.png */; };
		8B9283C518833876009F93C0 /* btn_green@2x.png in Resources */ = {isa = PBXBuildFile; fileRef = 8B9283BD18833876009F93C0 /* btn_green@2x.png */; };
		8B9283C618833876009F93C0 /* btn_green.png in Resources */ = {isa = PBXBuildFile; fileRef = 8B9283BE18833876009F93C0 /* btn_green.png */; };
		8B9283C718833876009F93C0 /* btn_menu@2x.png in Resources */ = {isa = PBXBuildFile; fileRef = 8B9283BF18833876009F93C0 /* btn_menu@2x.png */; };
		8B9283C818833876009F93C0 /* btn_menu.png in Resources */ = {isa = PBXBuildFile; fileRef = 8B9283C018833876009F93C0 /* btn_menu.png */; };
		8B9283C918833876009F93C0 /* icon_circle@2x.png in Resources */ = {isa = PBXBuildFile; fileRef = 8B9283C118833876009F93C0 /* icon_circle@2x.png */; };
		8B9283CA18833876009F93C0 /* icon_circle.png in Resources */ = {isa = PBXBuildFile; fileRef = 8B9283C218833876009F93C0 /* icon_circle.png */; };
		8B9283CD188350A0009F93C0 /* TIMHomeNavButtonsView.m in Sources */ = {isa = PBXBuildFile; fileRef = 8B9283CC188350A0009F93C0 /* TIMHomeNavButtonsView.m */; };
		8B9283CF188350AE009F93C0 /* TIMHomeNavButtonsView.xib in Resources */ = {isa = PBXBuildFile; fileRef = 8B9283CE188350AE009F93C0 /* TIMHomeNavButtonsView.xib */; };
		8B9283D31883593B009F93C0 /* TIMRoundedImageView.m in Sources */ = {isa = PBXBuildFile; fileRef = 8B9283D21883593B009F93C0 /* TIMRoundedImageView.m */; };
		8B9283D51883CB66009F93C0 /* bg_screen01_5s.png in Resources */ = {isa = PBXBuildFile; fileRef = 8B9283D41883CB66009F93C0 /* bg_screen01_5s.png */; };
		8BA5B50318815D09009ED9D8 /* Foundation.framework in Frameworks */ = {isa = PBXBuildFile; fileRef = 8BA5B50218815D09009ED9D8 /* Foundation.framework */; };
		8BA5B50518815D09009ED9D8 /* CoreGraphics.framework in Frameworks */ = {isa = PBXBuildFile; fileRef = 8BA5B50418815D09009ED9D8 /* CoreGraphics.framework */; };
		8BA5B50718815D09009ED9D8 /* UIKit.framework in Frameworks */ = {isa = PBXBuildFile; fileRef = 8BA5B50618815D09009ED9D8 /* UIKit.framework */; };
		8BA5B50D18815D09009ED9D8 /* InfoPlist.strings in Resources */ = {isa = PBXBuildFile; fileRef = 8BA5B50B18815D09009ED9D8 /* InfoPlist.strings */; };
		8BA5B50F18815D09009ED9D8 /* main.m in Sources */ = {isa = PBXBuildFile; fileRef = 8BA5B50E18815D09009ED9D8 /* main.m */; };
		8BA5B51318815D09009ED9D8 /* TIMAppDelegate.m in Sources */ = {isa = PBXBuildFile; fileRef = 8BA5B51218815D09009ED9D8 /* TIMAppDelegate.m */; };
		8BA5B51518815D09009ED9D8 /* Images.xcassets in Resources */ = {isa = PBXBuildFile; fileRef = 8BA5B51418815D09009ED9D8 /* Images.xcassets */; };
		8BA5B51C18815D09009ED9D8 /* XCTest.framework in Frameworks */ = {isa = PBXBuildFile; fileRef = 8BA5B51B18815D09009ED9D8 /* XCTest.framework */; };
		8BA5B51D18815D09009ED9D8 /* Foundation.framework in Frameworks */ = {isa = PBXBuildFile; fileRef = 8BA5B50218815D09009ED9D8 /* Foundation.framework */; };
		8BA5B51E18815D09009ED9D8 /* UIKit.framework in Frameworks */ = {isa = PBXBuildFile; fileRef = 8BA5B50618815D09009ED9D8 /* UIKit.framework */; };
		8BA5B52618815D09009ED9D8 /* InfoPlist.strings in Resources */ = {isa = PBXBuildFile; fileRef = 8BA5B52418815D09009ED9D8 /* InfoPlist.strings */; };
		8BA5B52818815D09009ED9D8 /* TrueIMPRESSIONTests.m in Sources */ = {isa = PBXBuildFile; fileRef = 8BA5B52718815D09009ED9D8 /* TrueIMPRESSIONTests.m */; };
		8BEAFDC81884826D00D6A2BA /* TIMProfileImpressionCell.m in Sources */ = {isa = PBXBuildFile; fileRef = 8BEAFDC71884826D00D6A2BA /* TIMProfileImpressionCell.m */; };
		8BEAFDCE18848A1200D6A2BA /* TIMProfileInfoCell.m in Sources */ = {isa = PBXBuildFile; fileRef = 8BEAFDCD18848A1200D6A2BA /* TIMProfileInfoCell.m */; };
		8BEAFDD018848A2B00D6A2BA /* TIMProfileInfoCell.xib in Resources */ = {isa = PBXBuildFile; fileRef = 8BEAFDCF18848A2B00D6A2BA /* TIMProfileInfoCell.xib */; };
		8BEAFDD218848A6B00D6A2BA /* TIMProfileImpressionCell.xib in Resources */ = {isa = PBXBuildFile; fileRef = 8BEAFDD118848A6B00D6A2BA /* TIMProfileImpressionCell.xib */; };
		C5A531B818831D2E007B4019 /* NSObject+CheckData.m in Sources */ = {isa = PBXBuildFile; fileRef = C5A531B718831D2E007B4019 /* NSObject+CheckData.m */; };
		C5F728B61882F4B500B25ACA /* MapKit.framework in Frameworks */ = {isa = PBXBuildFile; fileRef = C5F728B51882F4B500B25ACA /* MapKit.framework */; };
		C5F728B81882F57200B25ACA /* CoreLocation.framework in Frameworks */ = {isa = PBXBuildFile; fileRef = C5F728B71882F57200B25ACA /* CoreLocation.framework */; };
/* End PBXBuildFile section */

/* Begin PBXContainerItemProxy section */
		8BA5B51F18815D09009ED9D8 /* PBXContainerItemProxy */ = {
			isa = PBXContainerItemProxy;
			containerPortal = 8BA5B4F718815D09009ED9D8 /* Project object */;
			proxyType = 1;
			remoteGlobalIDString = 8BA5B4FE18815D09009ED9D8;
			remoteInfo = TrueIMPRESSION;
		};
/* End PBXContainerItemProxy section */

/* Begin PBXFileReference section */
		48AA3E4347A448F5B14DE388 /* Pods.xcconfig */ = {isa = PBXFileReference; includeInIndex = 1; lastKnownFileType = text.xcconfig; name = Pods.xcconfig; path = Pods/Pods.xcconfig; sourceTree = "<group>"; };
		844C339152E343C19DB1D129 /* libPods.a */ = {isa = PBXFileReference; explicitFileType = archive.ar; includeInIndex = 0; path = libPods.a; sourceTree = BUILT_PRODUCTS_DIR; };
		8B7384A71881D10D00D1E0C2 /* camera-choose-icon-hover.png */ = {isa = PBXFileReference; lastKnownFileType = image.png; name = "camera-choose-icon-hover.png"; path = "Images/Registration/camera-choose-icon-hover.png"; sourceTree = "<group>"; };
		8B7384A81881D10D00D1E0C2 /* camera-choose-icon-hover@2x.png */ = {isa = PBXFileReference; lastKnownFileType = image.png; name = "camera-choose-icon-hover@2x.png"; path = "Images/Registration/camera-choose-icon-hover@2x.png"; sourceTree = "<group>"; };
		8B7384A91881D10D00D1E0C2 /* camera-choose-icon.png */ = {isa = PBXFileReference; lastKnownFileType = image.png; name = "camera-choose-icon.png"; path = "Images/Registration/camera-choose-icon.png"; sourceTree = "<group>"; };
		8B7384AA1881D10D00D1E0C2 /* camera-choose-icon@2x.png */ = {isa = PBXFileReference; lastKnownFileType = image.png; name = "camera-choose-icon@2x.png"; path = "Images/Registration/camera-choose-icon@2x.png"; sourceTree = "<group>"; };
		8B7384AB1881D10D00D1E0C2 /* camera-delete-icon-hover.png */ = {isa = PBXFileReference; lastKnownFileType = image.png; name = "camera-delete-icon-hover.png"; path = "Images/Registration/camera-delete-icon-hover.png"; sourceTree = "<group>"; };
		8B7384AC1881D10D00D1E0C2 /* camera-delete-icon-hover@2x.png */ = {isa = PBXFileReference; lastKnownFileType = image.png; name = "camera-delete-icon-hover@2x.png"; path = "Images/Registration/camera-delete-icon-hover@2x.png"; sourceTree = "<group>"; };
		8B7384AD1881D10D00D1E0C2 /* camera-delete-icon.png */ = {isa = PBXFileReference; lastKnownFileType = image.png; name = "camera-delete-icon.png"; path = "Images/Registration/camera-delete-icon.png"; sourceTree = "<group>"; };
		8B7384AE1881D10D00D1E0C2 /* camera-delete-icon@2x.png */ = {isa = PBXFileReference; lastKnownFileType = image.png; name = "camera-delete-icon@2x.png"; path = "Images/Registration/camera-delete-icon@2x.png"; sourceTree = "<group>"; };
		8B7384AF1881D10D00D1E0C2 /* camera-take-icon-hover.png */ = {isa = PBXFileReference; lastKnownFileType = image.png; name = "camera-take-icon-hover.png"; path = "Images/Registration/camera-take-icon-hover.png"; sourceTree = "<group>"; };
		8B7384B01881D10D00D1E0C2 /* camera-take-icon-hover@2x.png */ = {isa = PBXFileReference; lastKnownFileType = image.png; name = "camera-take-icon-hover@2x.png"; path = "Images/Registration/camera-take-icon-hover@2x.png"; sourceTree = "<group>"; };
		8B7384B11881D10D00D1E0C2 /* camera-take-icon.png */ = {isa = PBXFileReference; lastKnownFileType = image.png; name = "camera-take-icon.png"; path = "Images/Registration/camera-take-icon.png"; sourceTree = "<group>"; };
		8B7384B21881D10D00D1E0C2 /* camera-take-icon@2x.png */ = {isa = PBXFileReference; lastKnownFileType = image.png; name = "camera-take-icon@2x.png"; path = "Images/Registration/camera-take-icon@2x.png"; sourceTree = "<group>"; };
		8B7384B31881D10D00D1E0C2 /* default-avatar.png */ = {isa = PBXFileReference; lastKnownFileType = image.png; name = "default-avatar.png"; path = "Images/Registration/default-avatar.png"; sourceTree = "<group>"; };
		8B7384B41881D10D00D1E0C2 /* default-wallpaper.png */ = {isa = PBXFileReference; lastKnownFileType = image.png; name = "default-wallpaper.png"; path = "Images/Registration/default-wallpaper.png"; sourceTree = "<group>"; };
		8B7384B51881D10D00D1E0C2 /* disclosure-icon.png */ = {isa = PBXFileReference; lastKnownFileType = image.png; name = "disclosure-icon.png"; path = "Images/Registration/disclosure-icon.png"; sourceTree = "<group>"; };
		8B7384B61881D10D00D1E0C2 /* disclosure-icon@2x.png */ = {isa = PBXFileReference; lastKnownFileType = image.png; name = "disclosure-icon@2x.png"; path = "Images/Registration/disclosure-icon@2x.png"; sourceTree = "<group>"; };
		8B7384B71881D10D00D1E0C2 /* flag_by.png */ = {isa = PBXFileReference; lastKnownFileType = image.png; name = flag_by.png; path = Images/Registration/flag_by.png; sourceTree = "<group>"; };
		8B7384B81881D10D00D1E0C2 /* flag_ru.png */ = {isa = PBXFileReference; lastKnownFileType = image.png; name = flag_ru.png; path = Images/Registration/flag_ru.png; sourceTree = "<group>"; };
		8B7384B91881D10D00D1E0C2 /* flag_ua.png */ = {isa = PBXFileReference; lastKnownFileType = image.png; name = flag_ua.png; path = Images/Registration/flag_ua.png; sourceTree = "<group>"; };
		8B7384BA1881D10D00D1E0C2 /* flag-ru.png */ = {isa = PBXFileReference; lastKnownFileType = image.png; name = "flag-ru.png"; path = "Images/Registration/flag-ru.png"; sourceTree = "<group>"; };
		8B7384BB1881D10D00D1E0C2 /* flag-ru@2x.png */ = {isa = PBXFileReference; lastKnownFileType = image.png; name = "flag-ru@2x.png"; path = "Images/Registration/flag-ru@2x.png"; sourceTree = "<group>"; };
		8B7384BC1881D10D00D1E0C2 /* header-back-button-down.png */ = {isa = PBXFileReference; lastKnownFileType = image.png; name = "header-back-button-down.png"; path = "Images/Registration/header-back-button-down.png"; sourceTree = "<group>"; };
		8B7384BD1881D10D00D1E0C2 /* header-back-button-down@2x.png */ = {isa = PBXFileReference; lastKnownFileType = image.png; name = "header-back-button-down@2x.png"; path = "Images/Registration/header-back-button-down@2x.png"; sourceTree = "<group>"; };
		8B7384BE1881D10D00D1E0C2 /* header-back-button.png */ = {isa = PBXFileReference; lastKnownFileType = image.png; name = "header-back-button.png"; path = "Images/Registration/header-back-button.png"; sourceTree = "<group>"; };
		8B7384BF1881D10D00D1E0C2 /* header-back-button@2x.png */ = {isa = PBXFileReference; lastKnownFileType = image.png; name = "header-back-button@2x.png"; path = "Images/Registration/header-back-button@2x.png"; sourceTree = "<group>"; };
		8B7384C01881D10D00D1E0C2 /* header-title.png */ = {isa = PBXFileReference; lastKnownFileType = image.png; name = "header-title.png"; path = "Images/Registration/header-title.png"; sourceTree = "<group>"; };
		8B7384C11881D10D00D1E0C2 /* header-title@2x.png */ = {isa = PBXFileReference; lastKnownFileType = image.png; name = "header-title@2x.png"; path = "Images/Registration/header-title@2x.png"; sourceTree = "<group>"; };
		8B7384C21881D10D00D1E0C2 /* home-button-down.png */ = {isa = PBXFileReference; lastKnownFileType = image.png; name = "home-button-down.png"; path = "Images/Registration/home-button-down.png"; sourceTree = "<group>"; };
		8B7384C31881D10D00D1E0C2 /* home-button-down@2x.png */ = {isa = PBXFileReference; lastKnownFileType = image.png; name = "home-button-down@2x.png"; path = "Images/Registration/home-button-down@2x.png"; sourceTree = "<group>"; };
		8B7384C41881D10D00D1E0C2 /* home-button-waves.png */ = {isa = PBXFileReference; lastKnownFileType = image.png; name = "home-button-waves.png"; path = "Images/Registration/home-button-waves.png"; sourceTree = "<group>"; };
		8B7384C51881D10D00D1E0C2 /* home-button-waves@2x.png */ = {isa = PBXFileReference; lastKnownFileType = image.png; name = "home-button-waves@2x.png"; path = "Images/Registration/home-button-waves@2x.png"; sourceTree = "<group>"; };
		8B7384C61881D10D00D1E0C2 /* home-button.png */ = {isa = PBXFileReference; lastKnownFileType = image.png; name = "home-button.png"; path = "Images/Registration/home-button.png"; sourceTree = "<group>"; };
		8B7384C71881D10D00D1E0C2 /* home-button@2x.png */ = {isa = PBXFileReference; lastKnownFileType = image.png; name = "home-button@2x.png"; path = "Images/Registration/home-button@2x.png"; sourceTree = "<group>"; };
		8B7384C81881D10D00D1E0C2 /* icon-done.png */ = {isa = PBXFileReference; lastKnownFileType = image.png; name = "icon-done.png"; path = "Images/Registration/icon-done.png"; sourceTree = "<group>"; };
		8B7384C91881D10D00D1E0C2 /* icon-done@2x.png */ = {isa = PBXFileReference; lastKnownFileType = image.png; name = "icon-done@2x.png"; path = "Images/Registration/icon-done@2x.png"; sourceTree = "<group>"; };
		8B7384CA1881D10D00D1E0C2 /* icon-feed-info.png */ = {isa = PBXFileReference; lastKnownFileType = image.png; name = "icon-feed-info.png"; path = "Images/Registration/icon-feed-info.png"; sourceTree = "<group>"; };
		8B7384CB1881D10D00D1E0C2 /* icon-feed-info@2x.png */ = {isa = PBXFileReference; lastKnownFileType = image.png; name = "icon-feed-info@2x.png"; path = "Images/Registration/icon-feed-info@2x.png"; sourceTree = "<group>"; };
		8B7384CC1881D10D00D1E0C2 /* icon-feed-place.png */ = {isa = PBXFileReference; lastKnownFileType = image.png; name = "icon-feed-place.png"; path = "Images/Registration/icon-feed-place.png"; sourceTree = "<group>"; };
		8B7384CD1881D10D00D1E0C2 /* icon-feed-place@2x.png */ = {isa = PBXFileReference; lastKnownFileType = image.png; name = "icon-feed-place@2x.png"; path = "Images/Registration/icon-feed-place@2x.png"; sourceTree = "<group>"; };
		8B7384CE1881D10D00D1E0C2 /* icon-home-settings.png */ = {isa = PBXFileReference; lastKnownFileType = image.png; name = "icon-home-settings.png"; path = "Images/Registration/icon-home-settings.png"; sourceTree = "<group>"; };
		8B7384CF1881D10D00D1E0C2 /* icon-home-settings@2x.png */ = {isa = PBXFileReference; lastKnownFileType = image.png; name = "icon-home-settings@2x.png"; path = "Images/Registration/icon-home-settings@2x.png"; sourceTree = "<group>"; };
		8B7384D01881D10D00D1E0C2 /* icon-menu.png */ = {isa = PBXFileReference; lastKnownFileType = image.png; name = "icon-menu.png"; path = "Images/Registration/icon-menu.png"; sourceTree = "<group>"; };
		8B7384D11881D10D00D1E0C2 /* icon-menu@2x.png */ = {isa = PBXFileReference; lastKnownFileType = image.png; name = "icon-menu@2x.png"; path = "Images/Registration/icon-menu@2x.png"; sourceTree = "<group>"; };
		8B7384D21881D10D00D1E0C2 /* icon-toolbar-eye.png */ = {isa = PBXFileReference; lastKnownFileType = image.png; name = "icon-toolbar-eye.png"; path = "Images/Registration/icon-toolbar-eye.png"; sourceTree = "<group>"; };
		8B7384D31881D10D00D1E0C2 /* icon-toolbar-eye@2x.png */ = {isa = PBXFileReference; lastKnownFileType = image.png; name = "icon-toolbar-eye@2x.png"; path = "Images/Registration/icon-toolbar-eye@2x.png"; sourceTree = "<group>"; };
		8B7384D41881D10D00D1E0C2 /* icon-toolbar-people.png */ = {isa = PBXFileReference; lastKnownFileType = image.png; name = "icon-toolbar-people.png"; path = "Images/Registration/icon-toolbar-people.png"; sourceTree = "<group>"; };
		8B7384D51881D10D00D1E0C2 /* icon-toolbar-people@2x.png */ = {isa = PBXFileReference; lastKnownFileType = image.png; name = "icon-toolbar-people@2x.png"; path = "Images/Registration/icon-toolbar-people@2x.png"; sourceTree = "<group>"; };
		8B7384D61881D10D00D1E0C2 /* icon-toolbar-search.png */ = {isa = PBXFileReference; lastKnownFileType = image.png; name = "icon-toolbar-search.png"; path = "Images/Registration/icon-toolbar-search.png"; sourceTree = "<group>"; };
		8B7384D71881D10D00D1E0C2 /* icon-toolbar-search@2x.png */ = {isa = PBXFileReference; lastKnownFileType = image.png; name = "icon-toolbar-search@2x.png"; path = "Images/Registration/icon-toolbar-search@2x.png"; sourceTree = "<group>"; };
		8B7384D81881D10D00D1E0C2 /* info-line.png */ = {isa = PBXFileReference; lastKnownFileType = image.png; name = "info-line.png"; path = "Images/Registration/info-line.png"; sourceTree = "<group>"; };
		8B7384D91881D10D00D1E0C2 /* info-line@2x.png */ = {isa = PBXFileReference; lastKnownFileType = image.png; name = "info-line@2x.png"; path = "Images/Registration/info-line@2x.png"; sourceTree = "<group>"; };
		8B7384DC1881D10D00D1E0C2 /* login-area.png */ = {isa = PBXFileReference; lastKnownFileType = image.png; name = "login-area.png"; path = "Images/Registration/login-area.png"; sourceTree = "<group>"; };
		8B7384DD1881D10D00D1E0C2 /* login-area@2x.png */ = {isa = PBXFileReference; lastKnownFileType = image.png; name = "login-area@2x.png"; path = "Images/Registration/login-area@2x.png"; sourceTree = "<group>"; };
		8B7384DE1881D10D00D1E0C2 /* login-bottom.jpg */ = {isa = PBXFileReference; lastKnownFileType = image.jpeg; name = "login-bottom.jpg"; path = "Images/Registration/login-bottom.jpg"; sourceTree = "<group>"; };
		8B7384DF1881D10D00D1E0C2 /* login-bottom@2x.jpg */ = {isa = PBXFileReference; lastKnownFileType = image.jpeg; name = "login-bottom@2x.jpg"; path = "Images/Registration/login-bottom@2x.jpg"; sourceTree = "<group>"; };
		8B7384E01881D10D00D1E0C2 /* login-button-down.png */ = {isa = PBXFileReference; lastKnownFileType = image.png; name = "login-button-down.png"; path = "Images/Registration/login-button-down.png"; sourceTree = "<group>"; };
		8B7384E11881D10D00D1E0C2 /* login-button-down@2x.png */ = {isa = PBXFileReference; lastKnownFileType = image.png; name = "login-button-down@2x.png"; path = "Images/Registration/login-button-down@2x.png"; sourceTree = "<group>"; };
		8B7384E21881D10D00D1E0C2 /* login-button.png */ = {isa = PBXFileReference; lastKnownFileType = image.png; name = "login-button.png"; path = "Images/Registration/login-button.png"; sourceTree = "<group>"; };
		8B7384E31881D10D00D1E0C2 /* login-button@2x.png */ = {isa = PBXFileReference; lastKnownFileType = image.png; name = "login-button@2x.png"; path = "Images/Registration/login-button@2x.png"; sourceTree = "<group>"; };
		8B7384E41881D10D00D1E0C2 /* logo.png */ = {isa = PBXFileReference; lastKnownFileType = image.png; name = logo.png; path = Images/Registration/logo.png; sourceTree = "<group>"; };
		8B7384E51881D10D00D1E0C2 /* logo@2x.png */ = {isa = PBXFileReference; lastKnownFileType = image.png; name = "logo@2x.png"; path = "Images/Registration/logo@2x.png"; sourceTree = "<group>"; };
		8B7384E61881D10E00D1E0C2 /* reg-circle.png */ = {isa = PBXFileReference; lastKnownFileType = image.png; name = "reg-circle.png"; path = "Images/Registration/reg-circle.png"; sourceTree = "<group>"; };
		8B7384E71881D10E00D1E0C2 /* reg-circle@2x.png */ = {isa = PBXFileReference; lastKnownFileType = image.png; name = "reg-circle@2x.png"; path = "Images/Registration/reg-circle@2x.png"; sourceTree = "<group>"; };
		8B7384E81881D10E00D1E0C2 /* register-window.png */ = {isa = PBXFileReference; lastKnownFileType = image.png; name = "register-window.png"; path = "Images/Registration/register-window.png"; sourceTree = "<group>"; };
		8B7384E91881D10E00D1E0C2 /* register-window@2x.png */ = {isa = PBXFileReference; lastKnownFileType = image.png; name = "register-window@2x.png"; path = "Images/Registration/register-window@2x.png"; sourceTree = "<group>"; };
		8B7384EA1881D10E00D1E0C2 /* stars-example.png */ = {isa = PBXFileReference; lastKnownFileType = image.png; name = "stars-example.png"; path = "Images/Registration/stars-example.png"; sourceTree = "<group>"; };
		8B7384EB1881D10E00D1E0C2 /* stars-example@2x.png */ = {isa = PBXFileReference; lastKnownFileType = image.png; name = "stars-example@2x.png"; path = "Images/Registration/stars-example@2x.png"; sourceTree = "<group>"; };
		8B7384EC1881D10E00D1E0C2 /* table-bottom.png */ = {isa = PBXFileReference; lastKnownFileType = image.png; name = "table-bottom.png"; path = "Images/Registration/table-bottom.png"; sourceTree = "<group>"; };
		8B7384ED1881D10E00D1E0C2 /* table-bottom@2x.png */ = {isa = PBXFileReference; lastKnownFileType = image.png; name = "table-bottom@2x.png"; path = "Images/Registration/table-bottom@2x.png"; sourceTree = "<group>"; };
		8B7384EE1881D10E00D1E0C2 /* text-field.png */ = {isa = PBXFileReference; lastKnownFileType = image.png; name = "text-field.png"; path = "Images/Registration/text-field.png"; sourceTree = "<group>"; };
		8B7384EF1881D10E00D1E0C2 /* text-field@2x.png */ = {isa = PBXFileReference; lastKnownFileType = image.png; name = "text-field@2x.png"; path = "Images/Registration/text-field@2x.png"; sourceTree = "<group>"; };
		8B7384F01881D10E00D1E0C2 /* title-image.png */ = {isa = PBXFileReference; lastKnownFileType = image.png; name = "title-image.png"; path = "Images/Registration/title-image.png"; sourceTree = "<group>"; };
		8B7384F11881D10E00D1E0C2 /* title-image@2x.png */ = {isa = PBXFileReference; lastKnownFileType = image.png; name = "title-image@2x.png"; path = "Images/Registration/title-image@2x.png"; sourceTree = "<group>"; };
		8B7384F21881D10E00D1E0C2 /* toolbar-home.png */ = {isa = PBXFileReference; lastKnownFileType = image.png; name = "toolbar-home.png"; path = "Images/Registration/toolbar-home.png"; sourceTree = "<group>"; };
		8B7384F31881D10E00D1E0C2 /* toolbar-home@2x.png */ = {isa = PBXFileReference; lastKnownFileType = image.png; name = "toolbar-home@2x.png"; path = "Images/Registration/toolbar-home@2x.png"; sourceTree = "<group>"; };
		8B7384F41881D10E00D1E0C2 /* top-title.png */ = {isa = PBXFileReference; lastKnownFileType = image.png; name = "top-title.png"; path = "Images/Registration/top-title.png"; sourceTree = "<group>"; };
		8B7384F51881D10E00D1E0C2 /* top-title@2x.png */ = {isa = PBXFileReference; lastKnownFileType = image.png; name = "top-title@2x.png"; path = "Images/Registration/top-title@2x.png"; sourceTree = "<group>"; };
		8B73854A1881F07F00D1E0C2 /* TIMViewController.h */ = {isa = PBXFileReference; fileEncoding = 4; lastKnownFileType = sourcecode.c.h; name = TIMViewController.h; path = Controllers/TIMViewController.h; sourceTree = "<group>"; };
		8B73854B1881F07F00D1E0C2 /* TIMViewController.m */ = {isa = PBXFileReference; fileEncoding = 4; lastKnownFileType = sourcecode.c.objc; name = TIMViewController.m; path = Controllers/TIMViewController.m; sourceTree = "<group>"; };
		8B73854D1881F0BC00D1E0C2 /* TIMNavigationViewController.h */ = {isa = PBXFileReference; fileEncoding = 4; lastKnownFileType = sourcecode.c.h; name = TIMNavigationViewController.h; path = Controllers/TIMNavigationViewController.h; sourceTree = "<group>"; };
		8B73854E1881F0BC00D1E0C2 /* TIMNavigationViewController.m */ = {isa = PBXFileReference; fileEncoding = 4; lastKnownFileType = sourcecode.c.objc; name = TIMNavigationViewController.m; path = Controllers/TIMNavigationViewController.m; sourceTree = "<group>"; };
		8B7385501881F15400D1E0C2 /* TIMRegistrationNavController.h */ = {isa = PBXFileReference; fileEncoding = 4; lastKnownFileType = sourcecode.c.h; name = TIMRegistrationNavController.h; path = Controllers/TIMRegistrationNavController.h; sourceTree = "<group>"; };
		8B7385511881F15400D1E0C2 /* TIMRegistrationNavController.m */ = {isa = PBXFileReference; fileEncoding = 4; lastKnownFileType = sourcecode.c.objc; name = TIMRegistrationNavController.m; path = Controllers/TIMRegistrationNavController.m; sourceTree = "<group>"; };
		8B7385531881F1DD00D1E0C2 /* TIMRegistrationViewController.h */ = {isa = PBXFileReference; fileEncoding = 4; lastKnownFileType = sourcecode.c.h; name = TIMRegistrationViewController.h; path = Controllers/TIMRegistrationViewController.h; sourceTree = "<group>"; };
		8B7385541881F1DD00D1E0C2 /* TIMRegistrationViewController.m */ = {isa = PBXFileReference; fileEncoding = 4; lastKnownFileType = sourcecode.c.objc; name = TIMRegistrationViewController.m; path = Controllers/TIMRegistrationViewController.m; sourceTree = "<group>"; };
		8B7385561881F22000D1E0C2 /* TIMHomeNavigationViewController.h */ = {isa = PBXFileReference; fileEncoding = 4; lastKnownFileType = sourcecode.c.h; name = TIMHomeNavigationViewController.h; path = Controllers/TIMHomeNavigationViewController.h; sourceTree = "<group>"; };
		8B7385571881F22000D1E0C2 /* TIMHomeNavigationViewController.m */ = {isa = PBXFileReference; fileEncoding = 4; lastKnownFileType = sourcecode.c.objc; name = TIMHomeNavigationViewController.m; path = Controllers/TIMHomeNavigationViewController.m; sourceTree = "<group>"; };
		8B73855D1881F29B00D1E0C2 /* TIMHomeProfileViewController.h */ = {isa = PBXFileReference; fileEncoding = 4; lastKnownFileType = sourcecode.c.h; name = TIMHomeProfileViewController.h; path = Controllers/TIMHomeProfileViewController.h; sourceTree = "<group>"; };
		8B73855E1881F29B00D1E0C2 /* TIMHomeProfileViewController.m */ = {isa = PBXFileReference; fileEncoding = 4; lastKnownFileType = sourcecode.c.objc; name = TIMHomeProfileViewController.m; path = Controllers/TIMHomeProfileViewController.m; sourceTree = "<group>"; };
		8B73855F1881F29B00D1E0C2 /* TIMHomeProfileViewController.xib */ = {isa = PBXFileReference; fileEncoding = 4; lastKnownFileType = file.xib; name = TIMHomeProfileViewController.xib; path = Controllers/TIMHomeProfileViewController.xib; sourceTree = "<group>"; };
		8B7385631881F2E500D1E0C2 /* TIMLoginViewController.h */ = {isa = PBXFileReference; fileEncoding = 4; lastKnownFileType = sourcecode.c.h; name = TIMLoginViewController.h; path = Controllers/TIMLoginViewController.h; sourceTree = "<group>"; };
		8B7385641881F2E500D1E0C2 /* TIMLoginViewController.m */ = {isa = PBXFileReference; fileEncoding = 4; lastKnownFileType = sourcecode.c.objc; name = TIMLoginViewController.m; path = Controllers/TIMLoginViewController.m; sourceTree = "<group>"; };
		8B7385651881F2E600D1E0C2 /* TIMLoginViewController.xib */ = {isa = PBXFileReference; fileEncoding = 4; lastKnownFileType = file.xib; name = TIMLoginViewController.xib; path = Controllers/TIMLoginViewController.xib; sourceTree = "<group>"; };
		8B73856B1881F37E00D1E0C2 /* TIMStepOneRegViewController.h */ = {isa = PBXFileReference; fileEncoding = 4; lastKnownFileType = sourcecode.c.h; name = TIMStepOneRegViewController.h; path = Controllers/TIMStepOneRegViewController.h; sourceTree = "<group>"; };
		8B73856C1881F37E00D1E0C2 /* TIMStepOneRegViewController.m */ = {isa = PBXFileReference; fileEncoding = 4; lastKnownFileType = sourcecode.c.objc; name = TIMStepOneRegViewController.m; path = Controllers/TIMStepOneRegViewController.m; sourceTree = "<group>"; };
		8B73856D1881F37E00D1E0C2 /* TIMStepOneRegViewController.xib */ = {isa = PBXFileReference; fileEncoding = 4; lastKnownFileType = file.xib; name = TIMStepOneRegViewController.xib; path = Controllers/TIMStepOneRegViewController.xib; sourceTree = "<group>"; };
		8B7385701881F39500D1E0C2 /* TIMStepTwoRegViewController.h */ = {isa = PBXFileReference; fileEncoding = 4; lastKnownFileType = sourcecode.c.h; name = TIMStepTwoRegViewController.h; path = Controllers/TIMStepTwoRegViewController.h; sourceTree = "<group>"; };
		8B7385711881F39500D1E0C2 /* TIMStepTwoRegViewController.m */ = {isa = PBXFileReference; fileEncoding = 4; lastKnownFileType = sourcecode.c.objc; name = TIMStepTwoRegViewController.m; path = Controllers/TIMStepTwoRegViewController.m; sourceTree = "<group>"; };
		8B7385721881F39500D1E0C2 /* TIMStepTwoRegViewController.xib */ = {isa = PBXFileReference; fileEncoding = 4; lastKnownFileType = file.xib; name = TIMStepTwoRegViewController.xib; path = Controllers/TIMStepTwoRegViewController.xib; sourceTree = "<group>"; };
		8B7385751881F3AF00D1E0C2 /* TIMStepThreeRegViewController.h */ = {isa = PBXFileReference; fileEncoding = 4; lastKnownFileType = sourcecode.c.h; name = TIMStepThreeRegViewController.h; path = Controllers/TIMStepThreeRegViewController.h; sourceTree = "<group>"; };
		8B7385761881F3AF00D1E0C2 /* TIMStepThreeRegViewController.m */ = {isa = PBXFileReference; fileEncoding = 4; lastKnownFileType = sourcecode.c.objc; name = TIMStepThreeRegViewController.m; path = Controllers/TIMStepThreeRegViewController.m; sourceTree = "<group>"; };
		8B7385771881F3AF00D1E0C2 /* TIMStepThreeRegViewController.xib */ = {isa = PBXFileReference; fileEncoding = 4; lastKnownFileType = file.xib; name = TIMStepThreeRegViewController.xib; path = Controllers/TIMStepThreeRegViewController.xib; sourceTree = "<group>"; };
		8B73857C1882003A00D1E0C2 /* TIMLoginButton.h */ = {isa = PBXFileReference; fileEncoding = 4; lastKnownFileType = sourcecode.c.h; name = TIMLoginButton.h; path = "Custom Elements/TIMLoginButton.h"; sourceTree = "<group>"; };
		8B73857D1882003A00D1E0C2 /* TIMLoginButton.m */ = {isa = PBXFileReference; fileEncoding = 4; lastKnownFileType = sourcecode.c.objc; name = TIMLoginButton.m; path = "Custom Elements/TIMLoginButton.m"; sourceTree = "<group>"; };
		8B73857F188203E100D1E0C2 /* TIMLoginButtonSmall.h */ = {isa = PBXFileReference; fileEncoding = 4; lastKnownFileType = sourcecode.c.h; name = TIMLoginButtonSmall.h; path = "Custom Elements/TIMLoginButtonSmall.h"; sourceTree = "<group>"; };
		8B738580188203E100D1E0C2 /* TIMLoginButtonSmall.m */ = {isa = PBXFileReference; fileEncoding = 4; lastKnownFileType = sourcecode.c.objc; name = TIMLoginButtonSmall.m; path = "Custom Elements/TIMLoginButtonSmall.m"; sourceTree = "<group>"; };
		8B73858318820D7900D1E0C2 /* TPKeyboardAvoidingScrollView.h */ = {isa = PBXFileReference; fileEncoding = 4; lastKnownFileType = sourcecode.c.h; path = TPKeyboardAvoidingScrollView.h; sourceTree = "<group>"; };
		8B73858418820D7900D1E0C2 /* TPKeyboardAvoidingScrollView.m */ = {isa = PBXFileReference; fileEncoding = 4; lastKnownFileType = sourcecode.c.objc; path = TPKeyboardAvoidingScrollView.m; sourceTree = "<group>"; };
		8B9283B718832F34009F93C0 /* btn_ok.png */ = {isa = PBXFileReference; lastKnownFileType = image.png; name = btn_ok.png; path = Images/Registration/btn_ok.png; sourceTree = "<group>"; };
		8B9283B818832F34009F93C0 /* btn_ok@2x.png */ = {isa = PBXFileReference; lastKnownFileType = image.png; name = "btn_ok@2x.png"; path = "Images/Registration/btn_ok@2x.png"; sourceTree = "<group>"; };
		8B9283BB18833876009F93C0 /* btn_add_place@2x.png */ = {isa = PBXFileReference; lastKnownFileType = image.png; name = "btn_add_place@2x.png"; path = "Images/Registration/btn_add_place@2x.png"; sourceTree = "<group>"; };
		8B9283BC18833876009F93C0 /* btn_add_place.png */ = {isa = PBXFileReference; lastKnownFileType = image.png; name = btn_add_place.png; path = Images/Registration/btn_add_place.png; sourceTree = "<group>"; };
		8B9283BD18833876009F93C0 /* btn_green@2x.png */ = {isa = PBXFileReference; lastKnownFileType = image.png; name = "btn_green@2x.png"; path = "Images/Registration/btn_green@2x.png"; sourceTree = "<group>"; };
		8B9283BE18833876009F93C0 /* btn_green.png */ = {isa = PBXFileReference; lastKnownFileType = image.png; name = btn_green.png; path = Images/Registration/btn_green.png; sourceTree = "<group>"; };
		8B9283BF18833876009F93C0 /* btn_menu@2x.png */ = {isa = PBXFileReference; lastKnownFileType = image.png; name = "btn_menu@2x.png"; path = "Images/Registration/btn_menu@2x.png"; sourceTree = "<group>"; };
		8B9283C018833876009F93C0 /* btn_menu.png */ = {isa = PBXFileReference; lastKnownFileType = image.png; name = btn_menu.png; path = Images/Registration/btn_menu.png; sourceTree = "<group>"; };
		8B9283C118833876009F93C0 /* icon_circle@2x.png */ = {isa = PBXFileReference; lastKnownFileType = image.png; name = "icon_circle@2x.png"; path = "Images/Registration/icon_circle@2x.png"; sourceTree = "<group>"; };
		8B9283C218833876009F93C0 /* icon_circle.png */ = {isa = PBXFileReference; lastKnownFileType = image.png; name = icon_circle.png; path = Images/Registration/icon_circle.png; sourceTree = "<group>"; };
		8B9283CB188350A0009F93C0 /* TIMHomeNavButtonsView.h */ = {isa = PBXFileReference; fileEncoding = 4; lastKnownFileType = sourcecode.c.h; name = TIMHomeNavButtonsView.h; path = views/TIMHomeNavButtonsView.h; sourceTree = "<group>"; };
		8B9283CC188350A0009F93C0 /* TIMHomeNavButtonsView.m */ = {isa = PBXFileReference; fileEncoding = 4; lastKnownFileType = sourcecode.c.objc; name = TIMHomeNavButtonsView.m; path = views/TIMHomeNavButtonsView.m; sourceTree = "<group>"; };
		8B9283CE188350AE009F93C0 /* TIMHomeNavButtonsView.xib */ = {isa = PBXFileReference; fileEncoding = 4; lastKnownFileType = file.xib; path = TIMHomeNavButtonsView.xib; sourceTree = "<group>"; };
		8B9283D11883593B009F93C0 /* TIMRoundedImageView.h */ = {isa = PBXFileReference; fileEncoding = 4; lastKnownFileType = sourcecode.c.h; name = TIMRoundedImageView.h; path = "Custom Elements/TIMRoundedImageView.h"; sourceTree = "<group>"; };
		8B9283D21883593B009F93C0 /* TIMRoundedImageView.m */ = {isa = PBXFileReference; fileEncoding = 4; lastKnownFileType = sourcecode.c.objc; name = TIMRoundedImageView.m; path = "Custom Elements/TIMRoundedImageView.m"; sourceTree = "<group>"; };
		8B9283D41883CB66009F93C0 /* bg_screen01_5s.png */ = {isa = PBXFileReference; lastKnownFileType = image.png; path = bg_screen01_5s.png; sourceTree = "<group>"; };
		8BA5B4FF18815D09009ED9D8 /* TrueIMPRESSION.app */ = {isa = PBXFileReference; explicitFileType = wrapper.application; includeInIndex = 0; path = TrueIMPRESSION.app; sourceTree = BUILT_PRODUCTS_DIR; };
		8BA5B50218815D09009ED9D8 /* Foundation.framework */ = {isa = PBXFileReference; lastKnownFileType = wrapper.framework; name = Foundation.framework; path = System/Library/Frameworks/Foundation.framework; sourceTree = SDKROOT; };
		8BA5B50418815D09009ED9D8 /* CoreGraphics.framework */ = {isa = PBXFileReference; lastKnownFileType = wrapper.framework; name = CoreGraphics.framework; path = System/Library/Frameworks/CoreGraphics.framework; sourceTree = SDKROOT; };
		8BA5B50618815D09009ED9D8 /* UIKit.framework */ = {isa = PBXFileReference; lastKnownFileType = wrapper.framework; name = UIKit.framework; path = System/Library/Frameworks/UIKit.framework; sourceTree = SDKROOT; };
		8BA5B50A18815D09009ED9D8 /* TrueIMPRESSION-Info.plist */ = {isa = PBXFileReference; lastKnownFileType = text.plist.xml; path = "TrueIMPRESSION-Info.plist"; sourceTree = "<group>"; };
		8BA5B50C18815D09009ED9D8 /* en */ = {isa = PBXFileReference; lastKnownFileType = text.plist.strings; name = en; path = en.lproj/InfoPlist.strings; sourceTree = "<group>"; };
		8BA5B50E18815D09009ED9D8 /* main.m */ = {isa = PBXFileReference; lastKnownFileType = sourcecode.c.objc; path = main.m; sourceTree = "<group>"; };
		8BA5B51018815D09009ED9D8 /* TrueIMPRESSION-Prefix.pch */ = {isa = PBXFileReference; lastKnownFileType = sourcecode.c.h; path = "TrueIMPRESSION-Prefix.pch"; sourceTree = "<group>"; };
		8BA5B51118815D09009ED9D8 /* TIMAppDelegate.h */ = {isa = PBXFileReference; lastKnownFileType = sourcecode.c.h; path = TIMAppDelegate.h; sourceTree = "<group>"; };
		8BA5B51218815D09009ED9D8 /* TIMAppDelegate.m */ = {isa = PBXFileReference; lastKnownFileType = sourcecode.c.objc; path = TIMAppDelegate.m; sourceTree = "<group>"; };
		8BA5B51418815D09009ED9D8 /* Images.xcassets */ = {isa = PBXFileReference; lastKnownFileType = folder.assetcatalog; path = Images.xcassets; sourceTree = "<group>"; };
		8BA5B51A18815D09009ED9D8 /* TrueIMPRESSIONTests.xctest */ = {isa = PBXFileReference; explicitFileType = wrapper.cfbundle; includeInIndex = 0; path = TrueIMPRESSIONTests.xctest; sourceTree = BUILT_PRODUCTS_DIR; };
		8BA5B51B18815D09009ED9D8 /* XCTest.framework */ = {isa = PBXFileReference; lastKnownFileType = wrapper.framework; name = XCTest.framework; path = Library/Frameworks/XCTest.framework; sourceTree = DEVELOPER_DIR; };
		8BA5B52318815D09009ED9D8 /* TrueIMPRESSIONTests-Info.plist */ = {isa = PBXFileReference; lastKnownFileType = text.plist.xml; path = "TrueIMPRESSIONTests-Info.plist"; sourceTree = "<group>"; };
		8BA5B52518815D09009ED9D8 /* en */ = {isa = PBXFileReference; lastKnownFileType = text.plist.strings; name = en; path = en.lproj/InfoPlist.strings; sourceTree = "<group>"; };
		8BA5B52718815D09009ED9D8 /* TrueIMPRESSIONTests.m */ = {isa = PBXFileReference; lastKnownFileType = sourcecode.c.objc; path = TrueIMPRESSIONTests.m; sourceTree = "<group>"; };
		8BEAFDC61884826D00D6A2BA /* TIMProfileImpressionCell.h */ = {isa = PBXFileReference; fileEncoding = 4; lastKnownFileType = sourcecode.c.h; name = TIMProfileImpressionCell.h; path = "Custom Elements/cells/TIMProfileImpressionCell.h"; sourceTree = "<group>"; };
		8BEAFDC71884826D00D6A2BA /* TIMProfileImpressionCell.m */ = {isa = PBXFileReference; fileEncoding = 4; lastKnownFileType = sourcecode.c.objc; name = TIMProfileImpressionCell.m; path = "Custom Elements/cells/TIMProfileImpressionCell.m"; sourceTree = "<group>"; };
		8BEAFDCC18848A1200D6A2BA /* TIMProfileInfoCell.h */ = {isa = PBXFileReference; fileEncoding = 4; lastKnownFileType = sourcecode.c.h; name = TIMProfileInfoCell.h; path = "Custom Elements/cells/TIMProfileInfoCell.h"; sourceTree = "<group>"; };
		8BEAFDCD18848A1200D6A2BA /* TIMProfileInfoCell.m */ = {isa = PBXFileReference; fileEncoding = 4; lastKnownFileType = sourcecode.c.objc; name = TIMProfileInfoCell.m; path = "Custom Elements/cells/TIMProfileInfoCell.m"; sourceTree = "<group>"; };
		8BEAFDCF18848A2B00D6A2BA /* TIMProfileInfoCell.xib */ = {isa = PBXFileReference; fileEncoding = 4; lastKnownFileType = file.xib; name = TIMProfileInfoCell.xib; path = "Custom Elements/cells/TIMProfileInfoCell.xib"; sourceTree = "<group>"; };
		8BEAFDD118848A6B00D6A2BA /* TIMProfileImpressionCell.xib */ = {isa = PBXFileReference; fileEncoding = 4; lastKnownFileType = file.xib; name = TIMProfileImpressionCell.xib; path = "Custom Elements/cells/TIMProfileImpressionCell.xib"; sourceTree = "<group>"; };
		C5A531B618831D2E007B4019 /* NSObject+CheckData.h */ = {isa = PBXFileReference; fileEncoding = 4; lastKnownFileType = sourcecode.c.h; path = "NSObject+CheckData.h"; sourceTree = "<group>"; };
		C5A531B718831D2E007B4019 /* NSObject+CheckData.m */ = {isa = PBXFileReference; fileEncoding = 4; lastKnownFileType = sourcecode.c.objc; path = "NSObject+CheckData.m"; sourceTree = "<group>"; };
		C5F728B51882F4B500B25ACA /* MapKit.framework */ = {isa = PBXFileReference; lastKnownFileType = wrapper.framework; name = MapKit.framework; path = System/Library/Frameworks/MapKit.framework; sourceTree = SDKROOT; };
		C5F728B71882F57200B25ACA /* CoreLocation.framework */ = {isa = PBXFileReference; lastKnownFileType = wrapper.framework; name = CoreLocation.framework; path = System/Library/Frameworks/CoreLocation.framework; sourceTree = SDKROOT; };
/* End PBXFileReference section */

/* Begin PBXFrameworksBuildPhase section */
		8BA5B4FC18815D09009ED9D8 /* Frameworks */ = {
			isa = PBXFrameworksBuildPhase;
			buildActionMask = 2147483647;
			files = (
				C5F728B81882F57200B25ACA /* CoreLocation.framework in Frameworks */,
				C5F728B61882F4B500B25ACA /* MapKit.framework in Frameworks */,
				8BA5B50518815D09009ED9D8 /* CoreGraphics.framework in Frameworks */,
				8BA5B50718815D09009ED9D8 /* UIKit.framework in Frameworks */,
				8BA5B50318815D09009ED9D8 /* Foundation.framework in Frameworks */,
				83B6B4DC6FF34FCAB6409CA0 /* libPods.a in Frameworks */,
			);
			runOnlyForDeploymentPostprocessing = 0;
		};
		8BA5B51718815D09009ED9D8 /* Frameworks */ = {
			isa = PBXFrameworksBuildPhase;
			buildActionMask = 2147483647;
			files = (
				8BA5B51C18815D09009ED9D8 /* XCTest.framework in Frameworks */,
				8BA5B51E18815D09009ED9D8 /* UIKit.framework in Frameworks */,
				8BA5B51D18815D09009ED9D8 /* Foundation.framework in Frameworks */,
			);
			runOnlyForDeploymentPostprocessing = 0;
		};
/* End PBXFrameworksBuildPhase section */

/* Begin PBXGroup section */
		8B7384A51881D0B500D1E0C2 /* Images */ = {
			isa = PBXGroup;
			children = (
				8B7384A61881D0BE00D1E0C2 /* Registration */,
			);
			name = Images;
			sourceTree = "<group>";
		};
		8B7384A61881D0BE00D1E0C2 /* Registration */ = {
			isa = PBXGroup;
			children = (
				8B9283D41883CB66009F93C0 /* bg_screen01_5s.png */,
				8B9283BB18833876009F93C0 /* btn_add_place@2x.png */,
				8B9283BC18833876009F93C0 /* btn_add_place.png */,
				8B9283BD18833876009F93C0 /* btn_green@2x.png */,
				8B9283BE18833876009F93C0 /* btn_green.png */,
				8B9283BF18833876009F93C0 /* btn_menu@2x.png */,
				8B9283C018833876009F93C0 /* btn_menu.png */,
				8B9283C118833876009F93C0 /* icon_circle@2x.png */,
				8B9283C218833876009F93C0 /* icon_circle.png */,
				8B9283B718832F34009F93C0 /* btn_ok.png */,
				8B9283B818832F34009F93C0 /* btn_ok@2x.png */,
				8B7384A71881D10D00D1E0C2 /* camera-choose-icon-hover.png */,
				8B7384A81881D10D00D1E0C2 /* camera-choose-icon-hover@2x.png */,
				8B7384A91881D10D00D1E0C2 /* camera-choose-icon.png */,
				8B7384AA1881D10D00D1E0C2 /* camera-choose-icon@2x.png */,
				8B7384AB1881D10D00D1E0C2 /* camera-delete-icon-hover.png */,
				8B7384AC1881D10D00D1E0C2 /* camera-delete-icon-hover@2x.png */,
				8B7384AD1881D10D00D1E0C2 /* camera-delete-icon.png */,
				8B7384AE1881D10D00D1E0C2 /* camera-delete-icon@2x.png */,
				8B7384AF1881D10D00D1E0C2 /* camera-take-icon-hover.png */,
				8B7384B01881D10D00D1E0C2 /* camera-take-icon-hover@2x.png */,
				8B7384B11881D10D00D1E0C2 /* camera-take-icon.png */,
				8B7384B21881D10D00D1E0C2 /* camera-take-icon@2x.png */,
				8B7384B31881D10D00D1E0C2 /* default-avatar.png */,
				8B7384B41881D10D00D1E0C2 /* default-wallpaper.png */,
				8B7384B51881D10D00D1E0C2 /* disclosure-icon.png */,
				8B7384B61881D10D00D1E0C2 /* disclosure-icon@2x.png */,
				8B7384B71881D10D00D1E0C2 /* flag_by.png */,
				8B7384B81881D10D00D1E0C2 /* flag_ru.png */,
				8B7384B91881D10D00D1E0C2 /* flag_ua.png */,
				8B7384BA1881D10D00D1E0C2 /* flag-ru.png */,
				8B7384BB1881D10D00D1E0C2 /* flag-ru@2x.png */,
				8B7384BC1881D10D00D1E0C2 /* header-back-button-down.png */,
				8B7384BD1881D10D00D1E0C2 /* header-back-button-down@2x.png */,
				8B7384BE1881D10D00D1E0C2 /* header-back-button.png */,
				8B7384BF1881D10D00D1E0C2 /* header-back-button@2x.png */,
				8B7384C01881D10D00D1E0C2 /* header-title.png */,
				8B7384C11881D10D00D1E0C2 /* header-title@2x.png */,
				8B7384C21881D10D00D1E0C2 /* home-button-down.png */,
				8B7384C31881D10D00D1E0C2 /* home-button-down@2x.png */,
				8B7384C41881D10D00D1E0C2 /* home-button-waves.png */,
				8B7384C51881D10D00D1E0C2 /* home-button-waves@2x.png */,
				8B7384C61881D10D00D1E0C2 /* home-button.png */,
				8B7384C71881D10D00D1E0C2 /* home-button@2x.png */,
				8B7384C81881D10D00D1E0C2 /* icon-done.png */,
				8B7384C91881D10D00D1E0C2 /* icon-done@2x.png */,
				8B7384CA1881D10D00D1E0C2 /* icon-feed-info.png */,
				8B7384CB1881D10D00D1E0C2 /* icon-feed-info@2x.png */,
				8B7384CC1881D10D00D1E0C2 /* icon-feed-place.png */,
				8B7384CD1881D10D00D1E0C2 /* icon-feed-place@2x.png */,
				8B7384CE1881D10D00D1E0C2 /* icon-home-settings.png */,
				8B7384CF1881D10D00D1E0C2 /* icon-home-settings@2x.png */,
				8B7384D01881D10D00D1E0C2 /* icon-menu.png */,
				8B7384D11881D10D00D1E0C2 /* icon-menu@2x.png */,
				8B7384D21881D10D00D1E0C2 /* icon-toolbar-eye.png */,
				8B7384D31881D10D00D1E0C2 /* icon-toolbar-eye@2x.png */,
				8B7384D41881D10D00D1E0C2 /* icon-toolbar-people.png */,
				8B7384D51881D10D00D1E0C2 /* icon-toolbar-people@2x.png */,
				8B7384D61881D10D00D1E0C2 /* icon-toolbar-search.png */,
				8B7384D71881D10D00D1E0C2 /* icon-toolbar-search@2x.png */,
				8B7384D81881D10D00D1E0C2 /* info-line.png */,
				8B7384D91881D10D00D1E0C2 /* info-line@2x.png */,
				8B7384DC1881D10D00D1E0C2 /* login-area.png */,
				8B7384DD1881D10D00D1E0C2 /* login-area@2x.png */,
				8B7384DE1881D10D00D1E0C2 /* login-bottom.jpg */,
				8B7384DF1881D10D00D1E0C2 /* login-bottom@2x.jpg */,
				8B7384E01881D10D00D1E0C2 /* login-button-down.png */,
				8B7384E11881D10D00D1E0C2 /* login-button-down@2x.png */,
				8B7384E21881D10D00D1E0C2 /* login-button.png */,
				8B7384E31881D10D00D1E0C2 /* login-button@2x.png */,
				8B7384E41881D10D00D1E0C2 /* logo.png */,
				8B7384E51881D10D00D1E0C2 /* logo@2x.png */,
				8B7384E61881D10E00D1E0C2 /* reg-circle.png */,
				8B7384E71881D10E00D1E0C2 /* reg-circle@2x.png */,
				8B7384E81881D10E00D1E0C2 /* register-window.png */,
				8B7384E91881D10E00D1E0C2 /* register-window@2x.png */,
				8B7384EA1881D10E00D1E0C2 /* stars-example.png */,
				8B7384EB1881D10E00D1E0C2 /* stars-example@2x.png */,
				8B7384EC1881D10E00D1E0C2 /* table-bottom.png */,
				8B7384ED1881D10E00D1E0C2 /* table-bottom@2x.png */,
				8B7384EE1881D10E00D1E0C2 /* text-field.png */,
				8B7384EF1881D10E00D1E0C2 /* text-field@2x.png */,
				8B7384F01881D10E00D1E0C2 /* title-image.png */,
				8B7384F11881D10E00D1E0C2 /* title-image@2x.png */,
				8B7384F21881D10E00D1E0C2 /* toolbar-home.png */,
				8B7384F31881D10E00D1E0C2 /* toolbar-home@2x.png */,
				8B7384F41881D10E00D1E0C2 /* top-title.png */,
				8B7384F51881D10E00D1E0C2 /* top-title@2x.png */,
			);
			name = Registration;
			sourceTree = "<group>";
		};
		8B7385441881EA0200D1E0C2 /* Controllers */ = {
			isa = PBXGroup;
			children = (
				8B7385461881EA2900D1E0C2 /* Custom Nav Controller */,
				8B7385471881EA3600D1E0C2 /* Custom View Controller */,
				8B7385491881EAC400D1E0C2 /* Main Home Controller */,
				8B7385481881EA5500D1E0C2 /* Registration Controllers */,
			);
			name = Controllers;
			sourceTree = "<group>";
		};
		8B7385451881EA1200D1E0C2 /* Views */ = {
			isa = PBXGroup;
			children = (
				8B9283CB188350A0009F93C0 /* TIMHomeNavButtonsView.h */,
				8B9283CC188350A0009F93C0 /* TIMHomeNavButtonsView.m */,
				8B9283CE188350AE009F93C0 /* TIMHomeNavButtonsView.xib */,
			);
			name = Views;
			sourceTree = "<group>";
		};
		8B7385461881EA2900D1E0C2 /* Custom Nav Controller */ = {
			isa = PBXGroup;
			children = (
				8B73854D1881F0BC00D1E0C2 /* TIMNavigationViewController.h */,
				8B73854E1881F0BC00D1E0C2 /* TIMNavigationViewController.m */,
			);
			name = "Custom Nav Controller";
			sourceTree = "<group>";
		};
		8B7385471881EA3600D1E0C2 /* Custom View Controller */ = {
			isa = PBXGroup;
			children = (
				8B73854A1881F07F00D1E0C2 /* TIMViewController.h */,
				8B73854B1881F07F00D1E0C2 /* TIMViewController.m */,
			);
			name = "Custom View Controller";
			sourceTree = "<group>";
		};
		8B7385481881EA5500D1E0C2 /* Registration Controllers */ = {
			isa = PBXGroup;
			children = (
				8B7385621881F2B100D1E0C2 /* Login */,
				8B7385681881F30C00D1E0C2 /* Step 1 */,
				8B7385691881F31600D1E0C2 /* Step 2 */,
				8B73856A1881F31C00D1E0C2 /* Step 3 */,
				8B73855A1881F24500D1E0C2 /* parent */,
				8B7385591881F23500D1E0C2 /* navigation */,
			);
			name = "Registration Controllers";
			sourceTree = "<group>";
		};
		8B7385491881EAC400D1E0C2 /* Main Home Controller */ = {
			isa = PBXGroup;
			children = (
				8B73855B1881F25400D1E0C2 /* navigation */,
				8B73855D1881F29B00D1E0C2 /* TIMHomeProfileViewController.h */,
				8B73855E1881F29B00D1E0C2 /* TIMHomeProfileViewController.m */,
				8B73855F1881F29B00D1E0C2 /* TIMHomeProfileViewController.xib */,
			);
			name = "Main Home Controller";
			sourceTree = "<group>";
		};
		8B7385591881F23500D1E0C2 /* navigation */ = {
			isa = PBXGroup;
			children = (
				8B7385501881F15400D1E0C2 /* TIMRegistrationNavController.h */,
				8B7385511881F15400D1E0C2 /* TIMRegistrationNavController.m */,
			);
			name = navigation;
			sourceTree = "<group>";
		};
		8B73855A1881F24500D1E0C2 /* parent */ = {
			isa = PBXGroup;
			children = (
				8B7385531881F1DD00D1E0C2 /* TIMRegistrationViewController.h */,
				8B7385541881F1DD00D1E0C2 /* TIMRegistrationViewController.m */,
			);
			name = parent;
			sourceTree = "<group>";
		};
		8B73855B1881F25400D1E0C2 /* navigation */ = {
			isa = PBXGroup;
			children = (
				8B7385561881F22000D1E0C2 /* TIMHomeNavigationViewController.h */,
				8B7385571881F22000D1E0C2 /* TIMHomeNavigationViewController.m */,
			);
			name = navigation;
			sourceTree = "<group>";
		};
		8B7385621881F2B100D1E0C2 /* Login */ = {
			isa = PBXGroup;
			children = (
				8B7385631881F2E500D1E0C2 /* TIMLoginViewController.h */,
				8B7385641881F2E500D1E0C2 /* TIMLoginViewController.m */,
				8B7385651881F2E600D1E0C2 /* TIMLoginViewController.xib */,
			);
			name = Login;
			sourceTree = "<group>";
		};
		8B7385681881F30C00D1E0C2 /* Step 1 */ = {
			isa = PBXGroup;
			children = (
				8B73856B1881F37E00D1E0C2 /* TIMStepOneRegViewController.h */,
				8B73856C1881F37E00D1E0C2 /* TIMStepOneRegViewController.m */,
				8B73856D1881F37E00D1E0C2 /* TIMStepOneRegViewController.xib */,
			);
			name = "Step 1";
			sourceTree = "<group>";
		};
		8B7385691881F31600D1E0C2 /* Step 2 */ = {
			isa = PBXGroup;
			children = (
				8B7385701881F39500D1E0C2 /* TIMStepTwoRegViewController.h */,
				8B7385711881F39500D1E0C2 /* TIMStepTwoRegViewController.m */,
				8B7385721881F39500D1E0C2 /* TIMStepTwoRegViewController.xib */,
			);
			name = "Step 2";
			sourceTree = "<group>";
		};
		8B73856A1881F31C00D1E0C2 /* Step 3 */ = {
			isa = PBXGroup;
			children = (
				8B7385751881F3AF00D1E0C2 /* TIMStepThreeRegViewController.h */,
				8B7385761881F3AF00D1E0C2 /* TIMStepThreeRegViewController.m */,
				8B7385771881F3AF00D1E0C2 /* TIMStepThreeRegViewController.xib */,
			);
			name = "Step 3";
			sourceTree = "<group>";
		};
		8B73857A1882000400D1E0C2 /* Custom Elements */ = {
			isa = PBXGroup;
			children = (
				8BEAFDC41884818900D6A2BA /* Cells */,
				8B9283D018835918009F93C0 /* Image View */,
				8B73857B1882001200D1E0C2 /* Buttons */,
			);
			name = "Custom Elements";
			sourceTree = "<group>";
		};
		8B73857B1882001200D1E0C2 /* Buttons */ = {
			isa = PBXGroup;
			children = (
				8B73857C1882003A00D1E0C2 /* TIMLoginButton.h */,
				8B73857D1882003A00D1E0C2 /* TIMLoginButton.m */,
				8B73857F188203E100D1E0C2 /* TIMLoginButtonSmall.h */,
				8B738580188203E100D1E0C2 /* TIMLoginButtonSmall.m */,
			);
			name = Buttons;
			sourceTree = "<group>";
		};
		8B73858218820D3500D1E0C2 /* Helpers */ = {
			isa = PBXGroup;
			children = (
				8B73858318820D7900D1E0C2 /* TPKeyboardAvoidingScrollView.h */,
				8B73858418820D7900D1E0C2 /* TPKeyboardAvoidingScrollView.m */,
				C5A531B618831D2E007B4019 /* NSObject+CheckData.h */,
				C5A531B718831D2E007B4019 /* NSObject+CheckData.m */,
			);
			name = Helpers;
			sourceTree = "<group>";
		};
		8B9283D018835918009F93C0 /* Image View */ = {
			isa = PBXGroup;
			children = (
				8B9283D11883593B009F93C0 /* TIMRoundedImageView.h */,
				8B9283D21883593B009F93C0 /* TIMRoundedImageView.m */,
			);
			name = "Image View";
			sourceTree = "<group>";
		};
		8BA5B4F618815D09009ED9D8 = {
			isa = PBXGroup;
			children = (
				8B73858218820D3500D1E0C2 /* Helpers */,
				8B73857A1882000400D1E0C2 /* Custom Elements */,
				8B7385451881EA1200D1E0C2 /* Views */,
				8B7385441881EA0200D1E0C2 /* Controllers */,
				8B7384A51881D0B500D1E0C2 /* Images */,
				8BA5B50818815D09009ED9D8 /* TrueIMPRESSION */,
				8BA5B52118815D09009ED9D8 /* TrueIMPRESSIONTests */,
				8BA5B50118815D09009ED9D8 /* Frameworks */,
				8BA5B50018815D09009ED9D8 /* Products */,
				48AA3E4347A448F5B14DE388 /* Pods.xcconfig */,
			);
			sourceTree = "<group>";
		};
		8BA5B50018815D09009ED9D8 /* Products */ = {
			isa = PBXGroup;
			children = (
				8BA5B4FF18815D09009ED9D8 /* TrueIMPRESSION.app */,
				8BA5B51A18815D09009ED9D8 /* TrueIMPRESSIONTests.xctest */,
			);
			name = Products;
			sourceTree = "<group>";
		};
		8BA5B50118815D09009ED9D8 /* Frameworks */ = {
			isa = PBXGroup;
			children = (
				C5F728B71882F57200B25ACA /* CoreLocation.framework */,
				C5F728B51882F4B500B25ACA /* MapKit.framework */,
				8BA5B50218815D09009ED9D8 /* Foundation.framework */,
				8BA5B50418815D09009ED9D8 /* CoreGraphics.framework */,
				8BA5B50618815D09009ED9D8 /* UIKit.framework */,
				8BA5B51B18815D09009ED9D8 /* XCTest.framework */,
				844C339152E343C19DB1D129 /* libPods.a */,
			);
			name = Frameworks;
			sourceTree = "<group>";
		};
		8BA5B50818815D09009ED9D8 /* TrueIMPRESSION */ = {
			isa = PBXGroup;
			children = (
				8BA5B51118815D09009ED9D8 /* TIMAppDelegate.h */,
				8BA5B51218815D09009ED9D8 /* TIMAppDelegate.m */,
				8BA5B51418815D09009ED9D8 /* Images.xcassets */,
				8BA5B50918815D09009ED9D8 /* Supporting Files */,
			);
			path = TrueIMPRESSION;
			sourceTree = "<group>";
		};
		8BA5B50918815D09009ED9D8 /* Supporting Files */ = {
			isa = PBXGroup;
			children = (
				8BA5B50A18815D09009ED9D8 /* TrueIMPRESSION-Info.plist */,
				8BA5B50B18815D09009ED9D8 /* InfoPlist.strings */,
				8BA5B50E18815D09009ED9D8 /* main.m */,
				8BA5B51018815D09009ED9D8 /* TrueIMPRESSION-Prefix.pch */,
			);
			name = "Supporting Files";
			sourceTree = "<group>";
		};
		8BA5B52118815D09009ED9D8 /* TrueIMPRESSIONTests */ = {
			isa = PBXGroup;
			children = (
				8BA5B52718815D09009ED9D8 /* TrueIMPRESSIONTests.m */,
				8BA5B52218815D09009ED9D8 /* Supporting Files */,
			);
			path = TrueIMPRESSIONTests;
			sourceTree = "<group>";
		};
		8BA5B52218815D09009ED9D8 /* Supporting Files */ = {
			isa = PBXGroup;
			children = (
				8BA5B52318815D09009ED9D8 /* TrueIMPRESSIONTests-Info.plist */,
				8BA5B52418815D09009ED9D8 /* InfoPlist.strings */,
			);
			name = "Supporting Files";
			sourceTree = "<group>";
		};
		8BEAFDC41884818900D6A2BA /* Cells */ = {
			isa = PBXGroup;
			children = (
				8BEAFDCB188489CE00D6A2BA /* Profile info cell */,
				8BEAFDC51884819600D6A2BA /* Profile impr cell */,
			);
			name = Cells;
			sourceTree = "<group>";
		};
		8BEAFDC51884819600D6A2BA /* Profile impr cell */ = {
			isa = PBXGroup;
			children = (
				8BEAFDD118848A6B00D6A2BA /* TIMProfileImpressionCell.xib */,
				8BEAFDC61884826D00D6A2BA /* TIMProfileImpressionCell.h */,
				8BEAFDC71884826D00D6A2BA /* TIMProfileImpressionCell.m */,
			);
			name = "Profile impr cell";
			sourceTree = "<group>";
		};
		8BEAFDCB188489CE00D6A2BA /* Profile info cell */ = {
			isa = PBXGroup;
			children = (
				8BEAFDCC18848A1200D6A2BA /* TIMProfileInfoCell.h */,
				8BEAFDCD18848A1200D6A2BA /* TIMProfileInfoCell.m */,
				8BEAFDCF18848A2B00D6A2BA /* TIMProfileInfoCell.xib */,
			);
			name = "Profile info cell";
			sourceTree = "<group>";
		};
/* End PBXGroup section */

/* Begin PBXNativeTarget section */
		8BA5B4FE18815D09009ED9D8 /* TrueIMPRESSION */ = {
			isa = PBXNativeTarget;
			buildConfigurationList = 8BA5B52B18815D09009ED9D8 /* Build configuration list for PBXNativeTarget "TrueIMPRESSION" */;
			buildPhases = (
				5CAE9CE797FE404BB7A67366 /* Check Pods Manifest.lock */,
				8BA5B4FB18815D09009ED9D8 /* Sources */,
				8BA5B4FC18815D09009ED9D8 /* Frameworks */,
				8BA5B4FD18815D09009ED9D8 /* Resources */,
				F9B9628D32F2476697A25537 /* Copy Pods Resources */,
			);
			buildRules = (
			);
			dependencies = (
			);
			name = TrueIMPRESSION;
			productName = TrueIMPRESSION;
			productReference = 8BA5B4FF18815D09009ED9D8 /* TrueIMPRESSION.app */;
			productType = "com.apple.product-type.application";
		};
		8BA5B51918815D09009ED9D8 /* TrueIMPRESSIONTests */ = {
			isa = PBXNativeTarget;
			buildConfigurationList = 8BA5B52E18815D09009ED9D8 /* Build configuration list for PBXNativeTarget "TrueIMPRESSIONTests" */;
			buildPhases = (
				8BA5B51618815D09009ED9D8 /* Sources */,
				8BA5B51718815D09009ED9D8 /* Frameworks */,
				8BA5B51818815D09009ED9D8 /* Resources */,
			);
			buildRules = (
			);
			dependencies = (
				8BA5B52018815D09009ED9D8 /* PBXTargetDependency */,
			);
			name = TrueIMPRESSIONTests;
			productName = TrueIMPRESSIONTests;
			productReference = 8BA5B51A18815D09009ED9D8 /* TrueIMPRESSIONTests.xctest */;
			productType = "com.apple.product-type.bundle.unit-test";
		};
/* End PBXNativeTarget section */

/* Begin PBXProject section */
		8BA5B4F718815D09009ED9D8 /* Project object */ = {
			isa = PBXProject;
			attributes = {
				CLASSPREFIX = TIM;
				LastUpgradeCheck = 0500;
				ORGANIZATIONNAME = Impression;
				TargetAttributes = {
					8BA5B4FE18815D09009ED9D8 = {
						DevelopmentTeam = 7JDW2864XQ;
					};
					8BA5B51918815D09009ED9D8 = {
						TestTargetID = 8BA5B4FE18815D09009ED9D8;
					};
				};
			};
			buildConfigurationList = 8BA5B4FA18815D09009ED9D8 /* Build configuration list for PBXProject "TrueIMPRESSION" */;
			compatibilityVersion = "Xcode 3.2";
			developmentRegion = English;
			hasScannedForEncodings = 0;
			knownRegions = (
				en,
			);
			mainGroup = 8BA5B4F618815D09009ED9D8;
			productRefGroup = 8BA5B50018815D09009ED9D8 /* Products */;
			projectDirPath = "";
			projectRoot = "";
			targets = (
				8BA5B4FE18815D09009ED9D8 /* TrueIMPRESSION */,
				8BA5B51918815D09009ED9D8 /* TrueIMPRESSIONTests */,
			);
		};
/* End PBXProject section */

/* Begin PBXResourcesBuildPhase section */
		8BA5B4FD18815D09009ED9D8 /* Resources */ = {
			isa = PBXResourcesBuildPhase;
			buildActionMask = 2147483647;
			files = (
				8B73853F1881D10E00D1E0C2 /* title-image@2x.png in Resources */,
				8B7385111881D10E00D1E0C2 /* home-button-down.png in Resources */,
				8B73851C1881D10E00D1E0C2 /* icon-feed-place@2x.png in Resources */,
				8B7385021881D10E00D1E0C2 /* default-avatar.png in Resources */,
				8B73851F1881D10E00D1E0C2 /* icon-menu.png in Resources */,
				8B7385281881D10E00D1E0C2 /* info-line@2x.png in Resources */,
				8B73850A1881D10E00D1E0C2 /* flag-ru@2x.png in Resources */,
				8B7385271881D10E00D1E0C2 /* info-line.png in Resources */,
				8B7385611881F29B00D1E0C2 /* TIMHomeProfileViewController.xib in Resources */,
				8B7385421881D10E00D1E0C2 /* top-title.png in Resources */,
				8B73853C1881D10E00D1E0C2 /* text-field.png in Resources */,
				8B73852E1881D10E00D1E0C2 /* login-button-down.png in Resources */,
				8B9283C918833876009F93C0 /* icon_circle@2x.png in Resources */,
				8B73850E1881D10E00D1E0C2 /* header-back-button@2x.png in Resources */,
				8B7385301881D10E00D1E0C2 /* login-button.png in Resources */,
				8B7385401881D10E00D1E0C2 /* toolbar-home.png in Resources */,
				C5949B2418848280005912BE /* line@2x.png in Resources */,
				8B7385191881D10E00D1E0C2 /* icon-feed-info.png in Resources */,
				8B7385201881D10E00D1E0C2 /* icon-menu@2x.png in Resources */,
				8B73852C1881D10E00D1E0C2 /* login-bottom.jpg in Resources */,
				8B7385171881D10E00D1E0C2 /* icon-done.png in Resources */,
				8B7385081881D10E00D1E0C2 /* flag_ua.png in Resources */,
				8B73853A1881D10E00D1E0C2 /* table-bottom.png in Resources */,
				8B73850D1881D10E00D1E0C2 /* header-back-button.png in Resources */,
				8B9283C318833876009F93C0 /* btn_add_place@2x.png in Resources */,
				8B7385321881D10E00D1E0C2 /* logo.png in Resources */,
				8BEAFDD218848A6B00D6A2BA /* TIMProfileImpressionCell.xib in Resources */,
				8B9283B918832F34009F93C0 /* btn_ok.png in Resources */,
				8B73850C1881D10E00D1E0C2 /* header-back-button-down@2x.png in Resources */,
				8B7385311881D10E00D1E0C2 /* login-button@2x.png in Resources */,
				8B7385671881F2E600D1E0C2 /* TIMLoginViewController.xib in Resources */,
				8B73850B1881D10E00D1E0C2 /* header-back-button-down.png in Resources */,
				8B73851B1881D10E00D1E0C2 /* icon-feed-place.png in Resources */,
				C5949B2318848280005912BE /* line.png in Resources */,
				8B7385391881D10E00D1E0C2 /* stars-example@2x.png in Resources */,
				8B7384FF1881D10E00D1E0C2 /* camera-take-icon-hover@2x.png in Resources */,
				8B7385071881D10E00D1E0C2 /* flag_ru.png in Resources */,
				8B7385031881D10E00D1E0C2 /* default-wallpaper.png in Resources */,
				8B9283C618833876009F93C0 /* btn_green.png in Resources */,
				8B7384F61881D10E00D1E0C2 /* camera-choose-icon-hover.png in Resources */,
				8B7385331881D10E00D1E0C2 /* logo@2x.png in Resources */,
				8B7385411881D10E00D1E0C2 /* toolbar-home@2x.png in Resources */,
				8B7385101881D10E00D1E0C2 /* header-title@2x.png in Resources */,
				8B73853E1881D10E00D1E0C2 /* title-image.png in Resources */,
				8B7385131881D10E00D1E0C2 /* home-button-waves.png in Resources */,
				8B7385251881D10E00D1E0C2 /* icon-toolbar-search.png in Resources */,
				8B7385741881F39500D1E0C2 /* TIMStepTwoRegViewController.xib in Resources */,
				8B7385041881D10E00D1E0C2 /* disclosure-icon.png in Resources */,
				8B9283C718833876009F93C0 /* btn_menu@2x.png in Resources */,
				8B7385341881D10E00D1E0C2 /* reg-circle.png in Resources */,
				8BA5B50D18815D09009ED9D8 /* InfoPlist.strings in Resources */,
				8B7384FA1881D10E00D1E0C2 /* camera-delete-icon-hover.png in Resources */,
				8B73851A1881D10E00D1E0C2 /* icon-feed-info@2x.png in Resources */,
				8B9283CF188350AE009F93C0 /* TIMHomeNavButtonsView.xib in Resources */,
				8B7385241881D10E00D1E0C2 /* icon-toolbar-people@2x.png in Resources */,
				8B7385221881D10E00D1E0C2 /* icon-toolbar-eye@2x.png in Resources */,
				8B9283D51883CB66009F93C0 /* bg_screen01_5s.png in Resources */,
				8B7385431881D10E00D1E0C2 /* top-title@2x.png in Resources */,
				8B7385121881D10E00D1E0C2 /* home-button-down@2x.png in Resources */,
				8B7385351881D10E00D1E0C2 /* reg-circle@2x.png in Resources */,
				8B7385371881D10E00D1E0C2 /* register-window@2x.png in Resources */,
				8B7384F71881D10E00D1E0C2 /* camera-choose-icon-hover@2x.png in Resources */,
				8B73851D1881D10E00D1E0C2 /* icon-home-settings.png in Resources */,
				8B73852A1881D10E00D1E0C2 /* login-area.png in Resources */,
				8B7385011881D10E00D1E0C2 /* camera-take-icon@2x.png in Resources */,
				8B7384FB1881D10E00D1E0C2 /* camera-delete-icon-hover@2x.png in Resources */,
				8B73851E1881D10E00D1E0C2 /* icon-home-settings@2x.png in Resources */,
				8B7385091881D10E00D1E0C2 /* flag-ru.png in Resources */,
				8B7384FD1881D10E00D1E0C2 /* camera-delete-icon@2x.png in Resources */,
				8B7385211881D10E00D1E0C2 /* icon-toolbar-eye.png in Resources */,
				8B73850F1881D10E00D1E0C2 /* header-title.png in Resources */,
				8B7385261881D10E00D1E0C2 /* icon-toolbar-search@2x.png in Resources */,
				8B73852F1881D10E00D1E0C2 /* login-button-down@2x.png in Resources */,
				8B73853B1881D10E00D1E0C2 /* table-bottom@2x.png in Resources */,
				8B7385161881D10E00D1E0C2 /* home-button@2x.png in Resources */,
				8B73852D1881D10E00D1E0C2 /* login-bottom@2x.jpg in Resources */,
				8B7384FE1881D10E00D1E0C2 /* camera-take-icon-hover.png in Resources */,
				8B7385231881D10E00D1E0C2 /* icon-toolbar-people.png in Resources */,
				8B7385061881D10E00D1E0C2 /* flag_by.png in Resources */,
				8B7384FC1881D10E00D1E0C2 /* camera-delete-icon.png in Resources */,
				8B7384F91881D10E00D1E0C2 /* camera-choose-icon@2x.png in Resources */,
				8B7385791881F3AF00D1E0C2 /* TIMStepThreeRegViewController.xib in Resources */,
				8B7385151881D10E00D1E0C2 /* home-button.png in Resources */,
				8B7385361881D10E00D1E0C2 /* register-window.png in Resources */,
				8B9283C418833876009F93C0 /* btn_add_place.png in Resources */,
				8B7385181881D10E00D1E0C2 /* icon-done@2x.png in Resources */,
				8BEAFDD018848A2B00D6A2BA /* TIMProfileInfoCell.xib in Resources */,
				8B73856F1881F37E00D1E0C2 /* TIMStepOneRegViewController.xib in Resources */,
				8B7385141881D10E00D1E0C2 /* home-button-waves@2x.png in Resources */,
				8B7385381881D10E00D1E0C2 /* stars-example.png in Resources */,
				8B9283CA18833876009F93C0 /* icon_circle.png in Resources */,
				8B73853D1881D10E00D1E0C2 /* text-field@2x.png in Resources */,
				8B73852B1881D10E00D1E0C2 /* login-area@2x.png in Resources */,
				8B9283BA18832F34009F93C0 /* btn_ok@2x.png in Resources */,
				8B9283C518833876009F93C0 /* btn_green@2x.png in Resources */,
				8B9283C818833876009F93C0 /* btn_menu.png in Resources */,
				8B7384F81881D10E00D1E0C2 /* camera-choose-icon.png in Resources */,
				8BA5B51518815D09009ED9D8 /* Images.xcassets in Resources */,
				8B7385051881D10E00D1E0C2 /* disclosure-icon@2x.png in Resources */,
				8B7385001881D10E00D1E0C2 /* camera-take-icon.png in Resources */,
			);
			runOnlyForDeploymentPostprocessing = 0;
		};
		8BA5B51818815D09009ED9D8 /* Resources */ = {
			isa = PBXResourcesBuildPhase;
			buildActionMask = 2147483647;
			files = (
				8BA5B52618815D09009ED9D8 /* InfoPlist.strings in Resources */,
			);
			runOnlyForDeploymentPostprocessing = 0;
		};
/* End PBXResourcesBuildPhase section */

/* Begin PBXShellScriptBuildPhase section */
		5CAE9CE797FE404BB7A67366 /* Check Pods Manifest.lock */ = {
			isa = PBXShellScriptBuildPhase;
			buildActionMask = 2147483647;
			files = (
			);
			inputPaths = (
			);
			name = "Check Pods Manifest.lock";
			outputPaths = (
			);
			runOnlyForDeploymentPostprocessing = 0;
			shellPath = /bin/sh;
			shellScript = "diff \"${PODS_ROOT}/../Podfile.lock\" \"${PODS_ROOT}/Manifest.lock\" > /dev/null\nif [[ $? != 0 ]] ; then\n    cat << EOM\nerror: The sandbox is not in sync with the Podfile.lock. Run 'pod install' or update your CocoaPods installation.\nEOM\n    exit 1\nfi\n";
			showEnvVarsInLog = 0;
		};
		F9B9628D32F2476697A25537 /* Copy Pods Resources */ = {
			isa = PBXShellScriptBuildPhase;
			buildActionMask = 2147483647;
			files = (
			);
			inputPaths = (
			);
			name = "Copy Pods Resources";
			outputPaths = (
			);
			runOnlyForDeploymentPostprocessing = 0;
			shellPath = /bin/sh;
			shellScript = "\"${SRCROOT}/Pods/Pods-resources.sh\"\n";
			showEnvVarsInLog = 0;
		};
/* End PBXShellScriptBuildPhase section */

/* Begin PBXSourcesBuildPhase section */
		8BA5B4FB18815D09009ED9D8 /* Sources */ = {
			isa = PBXSourcesBuildPhase;
			buildActionMask = 2147483647;
			files = (
				8BA5B50F18815D09009ED9D8 /* main.m in Sources */,
				8B7385581881F22000D1E0C2 /* TIMHomeNavigationViewController.m in Sources */,
				8B7385781881F3AF00D1E0C2 /* TIMStepThreeRegViewController.m in Sources */,
				8B73857E1882003A00D1E0C2 /* TIMLoginButton.m in Sources */,
				8BA5B51318815D09009ED9D8 /* TIMAppDelegate.m in Sources */,
				8B7385551881F1DD00D1E0C2 /* TIMRegistrationViewController.m in Sources */,
				8BEAFDCE18848A1200D6A2BA /* TIMProfileInfoCell.m in Sources */,
				8B73858518820D7900D1E0C2 /* TPKeyboardAvoidingScrollView.m in Sources */,
				8B7385731881F39500D1E0C2 /* TIMStepTwoRegViewController.m in Sources */,
				8B73854C1881F07F00D1E0C2 /* TIMViewController.m in Sources */,
				8B73856E1881F37E00D1E0C2 /* TIMStepOneRegViewController.m in Sources */,
				C5A531B818831D2E007B4019 /* NSObject+CheckData.m in Sources */,
				8B9283D31883593B009F93C0 /* TIMRoundedImageView.m in Sources */,
				8B73854F1881F0BC00D1E0C2 /* TIMNavigationViewController.m in Sources */,
				8B9283CD188350A0009F93C0 /* TIMHomeNavButtonsView.m in Sources */,
				8B738581188203E100D1E0C2 /* TIMLoginButtonSmall.m in Sources */,
				8B7385521881F15400D1E0C2 /* TIMRegistrationNavController.m in Sources */,
				8B7385601881F29B00D1E0C2 /* TIMHomeProfileViewController.m in Sources */,
				8B7385661881F2E600D1E0C2 /* TIMLoginViewController.m in Sources */,
				8BEAFDC81884826D00D6A2BA /* TIMProfileImpressionCell.m in Sources */,
			);
			runOnlyForDeploymentPostprocessing = 0;
		};
		8BA5B51618815D09009ED9D8 /* Sources */ = {
			isa = PBXSourcesBuildPhase;
			buildActionMask = 2147483647;
			files = (
				8BA5B52818815D09009ED9D8 /* TrueIMPRESSIONTests.m in Sources */,
			);
			runOnlyForDeploymentPostprocessing = 0;
		};
/* End PBXSourcesBuildPhase section */

/* Begin PBXTargetDependency section */
		8BA5B52018815D09009ED9D8 /* PBXTargetDependency */ = {
			isa = PBXTargetDependency;
			target = 8BA5B4FE18815D09009ED9D8 /* TrueIMPRESSION */;
			targetProxy = 8BA5B51F18815D09009ED9D8 /* PBXContainerItemProxy */;
		};
/* End PBXTargetDependency section */

/* Begin PBXVariantGroup section */
		8BA5B50B18815D09009ED9D8 /* InfoPlist.strings */ = {
			isa = PBXVariantGroup;
			children = (
				8BA5B50C18815D09009ED9D8 /* en */,
			);
			name = InfoPlist.strings;
			sourceTree = "<group>";
		};
		8BA5B52418815D09009ED9D8 /* InfoPlist.strings */ = {
			isa = PBXVariantGroup;
			children = (
				8BA5B52518815D09009ED9D8 /* en */,
			);
			name = InfoPlist.strings;
			sourceTree = "<group>";
		};
/* End PBXVariantGroup section */

/* Begin XCBuildConfiguration section */
		8BA5B52918815D09009ED9D8 /* Debug */ = {
			isa = XCBuildConfiguration;
			buildSettings = {
				ALWAYS_SEARCH_USER_PATHS = NO;
				ARCHS = "$(ARCHS_STANDARD_INCLUDING_64_BIT)";
				CLANG_CXX_LANGUAGE_STANDARD = "gnu++0x";
				CLANG_CXX_LIBRARY = "libc++";
				CLANG_ENABLE_MODULES = YES;
				CLANG_ENABLE_OBJC_ARC = YES;
				CLANG_WARN_BOOL_CONVERSION = YES;
				CLANG_WARN_CONSTANT_CONVERSION = YES;
				CLANG_WARN_DIRECT_OBJC_ISA_USAGE = YES_ERROR;
				CLANG_WARN_EMPTY_BODY = YES;
				CLANG_WARN_ENUM_CONVERSION = YES;
				CLANG_WARN_INT_CONVERSION = YES;
				CLANG_WARN_OBJC_ROOT_CLASS = YES_ERROR;
				CLANG_WARN__DUPLICATE_METHOD_MATCH = YES;
				"CODE_SIGN_IDENTITY[sdk=iphoneos*]" = "iPhone Developer";
				COPY_PHASE_STRIP = NO;
				GCC_C_LANGUAGE_STANDARD = gnu99;
				GCC_DYNAMIC_NO_PIC = NO;
				GCC_OPTIMIZATION_LEVEL = 0;
				GCC_PREPROCESSOR_DEFINITIONS = (
					"DEBUG=1",
					"$(inherited)",
				);
				GCC_SYMBOLS_PRIVATE_EXTERN = NO;
				GCC_WARN_64_TO_32_BIT_CONVERSION = YES;
				GCC_WARN_ABOUT_RETURN_TYPE = YES_ERROR;
				GCC_WARN_UNDECLARED_SELECTOR = YES;
				GCC_WARN_UNINITIALIZED_AUTOS = YES;
				GCC_WARN_UNUSED_FUNCTION = YES;
				GCC_WARN_UNUSED_VARIABLE = YES;
				IPHONEOS_DEPLOYMENT_TARGET = 7.0;
				ONLY_ACTIVE_ARCH = YES;
				SDKROOT = iphoneos;
				TARGETED_DEVICE_FAMILY = "1,2";
			};
			name = Debug;
		};
		8BA5B52A18815D09009ED9D8 /* Release */ = {
			isa = XCBuildConfiguration;
			buildSettings = {
				ALWAYS_SEARCH_USER_PATHS = NO;
				ARCHS = "$(ARCHS_STANDARD_INCLUDING_64_BIT)";
				CLANG_CXX_LANGUAGE_STANDARD = "gnu++0x";
				CLANG_CXX_LIBRARY = "libc++";
				CLANG_ENABLE_MODULES = YES;
				CLANG_ENABLE_OBJC_ARC = YES;
				CLANG_WARN_BOOL_CONVERSION = YES;
				CLANG_WARN_CONSTANT_CONVERSION = YES;
				CLANG_WARN_DIRECT_OBJC_ISA_USAGE = YES_ERROR;
				CLANG_WARN_EMPTY_BODY = YES;
				CLANG_WARN_ENUM_CONVERSION = YES;
				CLANG_WARN_INT_CONVERSION = YES;
				CLANG_WARN_OBJC_ROOT_CLASS = YES_ERROR;
				CLANG_WARN__DUPLICATE_METHOD_MATCH = YES;
				"CODE_SIGN_IDENTITY[sdk=iphoneos*]" = "iPhone Developer";
				COPY_PHASE_STRIP = YES;
				ENABLE_NS_ASSERTIONS = NO;
				GCC_C_LANGUAGE_STANDARD = gnu99;
				GCC_WARN_64_TO_32_BIT_CONVERSION = YES;
				GCC_WARN_ABOUT_RETURN_TYPE = YES_ERROR;
				GCC_WARN_UNDECLARED_SELECTOR = YES;
				GCC_WARN_UNINITIALIZED_AUTOS = YES;
				GCC_WARN_UNUSED_FUNCTION = YES;
				GCC_WARN_UNUSED_VARIABLE = YES;
				IPHONEOS_DEPLOYMENT_TARGET = 7.0;
				SDKROOT = iphoneos;
				TARGETED_DEVICE_FAMILY = "1,2";
				VALIDATE_PRODUCT = YES;
			};
			name = Release;
		};
		8BA5B52C18815D09009ED9D8 /* Debug */ = {
			isa = XCBuildConfiguration;
			baseConfigurationReference = 48AA3E4347A448F5B14DE388 /* Pods.xcconfig */;
			buildSettings = {
				ARCHS = "$(ARCHS_STANDARD)";
				ASSETCATALOG_COMPILER_APPICON_NAME = AppIcon;
				ASSETCATALOG_COMPILER_LAUNCHIMAGE_NAME = LaunchImage;
				CODE_SIGN_IDENTITY = "iPhone Developer";
				GCC_PRECOMPILE_PREFIX_HEADER = YES;
				GCC_PREFIX_HEADER = "TrueIMPRESSION/TrueIMPRESSION-Prefix.pch";
				INFOPLIST_FILE = "TrueIMPRESSION/TrueIMPRESSION-Info.plist";
				IPHONEOS_DEPLOYMENT_TARGET = 6.1;
				PRODUCT_NAME = "$(TARGET_NAME)";
				PROVISIONING_PROFILE = "0F56F557-791F-40E0-A960-3E313E059442";
				WRAPPER_EXTENSION = app;
			};
			name = Debug;
		};
		8BA5B52D18815D09009ED9D8 /* Release */ = {
			isa = XCBuildConfiguration;
			baseConfigurationReference = 48AA3E4347A448F5B14DE388 /* Pods.xcconfig */;
			buildSettings = {
				ARCHS = "$(ARCHS_STANDARD)";
				ASSETCATALOG_COMPILER_APPICON_NAME = AppIcon;
				ASSETCATALOG_COMPILER_LAUNCHIMAGE_NAME = LaunchImage;
				CODE_SIGN_IDENTITY = "iPhone Developer";
				GCC_PRECOMPILE_PREFIX_HEADER = YES;
				GCC_PREFIX_HEADER = "TrueIMPRESSION/TrueIMPRESSION-Prefix.pch";
				INFOPLIST_FILE = "TrueIMPRESSION/TrueIMPRESSION-Info.plist";
				IPHONEOS_DEPLOYMENT_TARGET = 6.1;
				PRODUCT_NAME = "$(TARGET_NAME)";
				PROVISIONING_PROFILE = "0F56F557-791F-40E0-A960-3E313E059442";
				WRAPPER_EXTENSION = app;
			};
			name = Release;
		};
		8BA5B52F18815D09009ED9D8 /* Debug */ = {
			isa = XCBuildConfiguration;
			buildSettings = {
				ARCHS = "$(ARCHS_STANDARD_INCLUDING_64_BIT)";
				BUNDLE_LOADER = "$(BUILT_PRODUCTS_DIR)/TrueIMPRESSION.app/TrueIMPRESSION";
				FRAMEWORK_SEARCH_PATHS = (
					"$(SDKROOT)/Developer/Library/Frameworks",
					"$(inherited)",
					"$(DEVELOPER_FRAMEWORKS_DIR)",
				);
				GCC_PRECOMPILE_PREFIX_HEADER = YES;
				GCC_PREFIX_HEADER = "TrueIMPRESSION/TrueIMPRESSION-Prefix.pch";
				GCC_PREPROCESSOR_DEFINITIONS = (
					"DEBUG=1",
					"$(inherited)",
				);
				INFOPLIST_FILE = "TrueIMPRESSIONTests/TrueIMPRESSIONTests-Info.plist";
				PRODUCT_NAME = "$(TARGET_NAME)";
				TEST_HOST = "$(BUNDLE_LOADER)";
				WRAPPER_EXTENSION = xctest;
			};
			name = Debug;
		};
		8BA5B53018815D09009ED9D8 /* Release */ = {
			isa = XCBuildConfiguration;
			buildSettings = {
				ARCHS = "$(ARCHS_STANDARD_INCLUDING_64_BIT)";
				BUNDLE_LOADER = "$(BUILT_PRODUCTS_DIR)/TrueIMPRESSION.app/TrueIMPRESSION";
				FRAMEWORK_SEARCH_PATHS = (
					"$(SDKROOT)/Developer/Library/Frameworks",
					"$(inherited)",
					"$(DEVELOPER_FRAMEWORKS_DIR)",
				);
				GCC_PRECOMPILE_PREFIX_HEADER = YES;
				GCC_PREFIX_HEADER = "TrueIMPRESSION/TrueIMPRESSION-Prefix.pch";
				INFOPLIST_FILE = "TrueIMPRESSIONTests/TrueIMPRESSIONTests-Info.plist";
				PRODUCT_NAME = "$(TARGET_NAME)";
				TEST_HOST = "$(BUNDLE_LOADER)";
				WRAPPER_EXTENSION = xctest;
			};
			name = Release;
		};
/* End XCBuildConfiguration section */

/* Begin XCConfigurationList section */
		8BA5B4FA18815D09009ED9D8 /* Build configuration list for PBXProject "TrueIMPRESSION" */ = {
			isa = XCConfigurationList;
			buildConfigurations = (
				8BA5B52918815D09009ED9D8 /* Debug */,
				8BA5B52A18815D09009ED9D8 /* Release */,
			);
			defaultConfigurationIsVisible = 0;
			defaultConfigurationName = Release;
		};
		8BA5B52B18815D09009ED9D8 /* Build configuration list for PBXNativeTarget "TrueIMPRESSION" */ = {
			isa = XCConfigurationList;
			buildConfigurations = (
				8BA5B52C18815D09009ED9D8 /* Debug */,
				8BA5B52D18815D09009ED9D8 /* Release */,
			);
			defaultConfigurationIsVisible = 0;
			defaultConfigurationName = Release;
		};
		8BA5B52E18815D09009ED9D8 /* Build configuration list for PBXNativeTarget "TrueIMPRESSIONTests" */ = {
			isa = XCConfigurationList;
			buildConfigurations = (
				8BA5B52F18815D09009ED9D8 /* Debug */,
				8BA5B53018815D09009ED9D8 /* Release */,
			);
			defaultConfigurationIsVisible = 0;
			defaultConfigurationName = Release;
		};
/* End XCConfigurationList section */
	};
	rootObject = 8BA5B4F718815D09009ED9D8 /* Project object */;
}
